// !$*UTF8*$!
{
	archiveVersion = 1;
	classes = {
	};
	objectVersion = 70;
	objects = {

/* Begin PBXBuildFile section */
		0000000022B2CB1000000000 /* ReaderBlockView.swift in Sources */ = {isa = PBXBuildFile; fileRef = 0000000022B2CB1000000001 /* ReaderBlockView.swift */; };
		0000000022B2CB1000000002 /* ReaderPageView.swift in Sources */ = {isa = PBXBuildFile; fileRef = 0000000022B2CB1000000003 /* ReaderPageView.swift */; };
		0000000022B2CB1000000004 /* ReaderScrollView.swift in Sources */ = {isa = PBXBuildFile; fileRef = 0000000022B2CB1000000005 /* ReaderScrollView.swift */; };
		0000000022B2CB1000000006 /* ReaderPageOffsetKey.swift in Sources */ = {isa = PBXBuildFile; fileRef = 0000000022B2CB1000000007 /* ReaderPageOffsetKey.swift */; };
		0000000022B2CB1000000008 /* ReaderPageCurlView.swift in Sources */ = {isa = PBXBuildFile; fileRef = 0000000022B2CB1000000009 /* ReaderPageCurlView.swift */; };
		0000000022B2CB100000000A /* TitleBlockView.swift in Sources */ = {isa = PBXBuildFile; fileRef = 0000000022B2CB100000000B /* TitleBlockView.swift */; };
		0000000022B2CB100000000C /* ParagraphBlockView.swift in Sources */ = {isa = PBXBuildFile; fileRef = 0000000022B2CB100000000D /* ParagraphBlockView.swift */; };
		0000000022B2CB100000000E /* ImageGridBlockView.swift in Sources */ = {isa = PBXBuildFile; fileRef = 0000000022B2CB100000000F /* ImageGridBlockView.swift */; };
		0000000022B2CB1000000010 /* ImageGridCell.swift in Sources */ = {isa = PBXBuildFile; fileRef = 0000000022B2CB1000000011 /* ImageGridCell.swift */; };
		0000000022B2CB1000000012 /* VideoGridBlockView.swift in Sources */ = {isa = PBXBuildFile; fileRef = 0000000022B2CB1000000013 /* VideoGridBlockView.swift */; };
		0000000022B2CB1000000014 /* AudioBlockView.swift in Sources */ = {isa = PBXBuildFile; fileRef = 0000000022B2CB1000000015 /* AudioBlockView.swift */; };
		0000000022B2CB1000000016 /* DocumentBlockView.swift in Sources */ = {isa = PBXBuildFile; fileRef = 0000000022B2CB1000000017 /* DocumentBlockView.swift */; };
		0000000022B2CB1000000018 /* LinkBlockView.swift in Sources */ = {isa = PBXBuildFile; fileRef = 0000000022B2CB1000000019 /* LinkBlockView.swift */; };
		0000000022B2CB100000001A /* LocationBlockView.swift in Sources */ = {isa = PBXBuildFile; fileRef = 0000000022B2CB100000001B /* LocationBlockView.swift */; };
		0000000022B2CB1000000101 /* InlineDocuments.swift in Sources */ = {isa = PBXBuildFile; fileRef = 0000000022B2CB1000000102 /* InlineDocuments.swift */; };
		0000000022B2CB1000000103 /* DocumentPageBlockView.swift in Sources */ = {isa = PBXBuildFile; fileRef = 0000000022B2CB1000000104 /* DocumentPageBlockView.swift */; };
		0000000022B2CB1000000107 /* SmartTextDisplay.swift in Sources */ = {isa = PBXBuildFile; fileRef = 0000000022B2CB1000000108 /* SmartTextDisplay.swift */; };
		0000000022B2CB1000000109 /* RichParagraphBlockView.swift in Sources */ = {isa = PBXBuildFile; fileRef = 0000000022B2CB100000010A /* RichParagraphBlockView.swift */; };
		0167B273031742A1841BBEC6 /* SmartTextEditorView.swift in Sources */ = {isa = PBXBuildFile; fileRef = D56641EA9DFE4226B27A9866 /* SmartTextEditorView.swift */; };
		058557BB273AAA24004C7B11 /* Assets.xcassets in Resources */ = {isa = PBXBuildFile; fileRef = 058557BA273AAA24004C7B11 /* Assets.xcassets */; };
		0EBA77A6057B4265B2A98CA6 /* SmartTextBlockView.swift in Sources */ = {isa = PBXBuildFile; fileRef = 7EE6C8D4164A4F368A2458A0 /* SmartTextBlockView.swift */; };
		1561086F4A784128BB5AA95B /* SmartTextTokens.swift in Sources */ = {isa = PBXBuildFile; fileRef = FEAD1FB8676E463C87126315 /* SmartTextTokens.swift */; };
		1594266FF2D04FC4880FA22F /* SmartTextWidget.swift in Sources */ = {isa = PBXBuildFile; fileRef = 475FA9AFF07B4000B329B496 /* SmartTextWidget.swift */; };
		2152FB042600AC8F00CF470E /* iOSApp.swift in Sources */ = {isa = PBXBuildFile; fileRef = 2152FB032600AC8F00CF470E /* iOSApp.swift */; };
		221C1D6B302E13F300A65C6F /* CanvasBridgeAdapter.swift in Sources */ = {isa = PBXBuildFile; fileRef = 221C1D6A302E13F300A65C6F /* CanvasBridgeAdapter.swift */; };
		2261696B3021FDCE00B49A04 /* HardwareManager.swift in Sources */ = {isa = PBXBuildFile; fileRef = 2261696A3021FDCE00B49A04 /* HardwareManager.swift */; };
		2261696D3021FDEB00B49A04 /* PermissionGate.swift in Sources */ = {isa = PBXBuildFile; fileRef = 2261696C3021FDEB00B49A04 /* PermissionGate.swift */; };
		2287BB29300D69F800F6D3E2 /* ImagePreviewView.swift in Sources */ = {isa = PBXBuildFile; fileRef = 2287BB28300D69F800F6D3E2 /* ImagePreviewView.swift */; };
		2287BB32300E5C2A00F6D3E2 /* NoteExporter.swift in Sources */ = {isa = PBXBuildFile; fileRef = 2287BB30300E5C2A00F6D3E2 /* NoteExporter.swift */; };
		2287BB423010149D00F6D3E2 /* FolderItem.swift in Sources */ = {isa = PBXBuildFile; fileRef = 2287BB413010149D00F6D3E2 /* FolderItem.swift */; };
		2287BB44301014C500F6D3E2 /* QuickActionCard.swift in Sources */ = {isa = PBXBuildFile; fileRef = 2287BB43301014C500F6D3E2 /* QuickActionCard.swift */; };
		2287BB46301014FF00F6D3E2 /* ContinueReadingCard.swift in Sources */ = {isa = PBXBuildFile; fileRef = 2287BB45301014FF00F6D3E2 /* ContinueReadingCard.swift */; };
		228AE49F30012F2D00F53C82 /* UiState.swift in Sources */ = {isa = PBXBuildFile; fileRef = 228AE49E30012F2D00F53C82 /* UiState.swift */; };
		228AE4A330012F9A00F53C82 /* NotesBridgeAdapter.swift in Sources */ = {isa = PBXBuildFile; fileRef = 228AE4A230012F9A00F53C82 /* NotesBridgeAdapter.swift */; };
		228AE4B130013AAA00F53C82 /* AuthBridgeAdapter.swift in Sources */ = {isa = PBXBuildFile; fileRef = 228AE4B030013AA100F53C82 /* AuthBridgeAdapter.swift */; };
		22A0ABB9301B419400B2817C /* OrientationManager.swift in Sources */ = {isa = PBXBuildFile; fileRef = 22A0ABB8301B419400B2817C /* OrientationManager.swift */; };
		22A0ABBB301B41D500B2817C /* OrientationLock.swift in Sources */ = {isa = PBXBuildFile; fileRef = 22A0ABBA301B41D500B2817C /* OrientationLock.swift */; };
		22A0C16A300C1834008D5904 /* WidgetKit.framework in Frameworks */ = {isa = PBXBuildFile; fileRef = 22A0C169300C1834008D5904 /* WidgetKit.framework */; };
		22A0C16C300C1834008D5904 /* SwiftUI.framework in Frameworks */ = {isa = PBXBuildFile; fileRef = 22A0C16B300C1834008D5904 /* SwiftUI.framework */; };
		22A0C177300C1834008D5904 /* PustakamBookWidgetExtension.appex in Embed Foundation Extensions */ = {isa = PBXBuildFile; fileRef = 22A0C168300C1834008D5904 /* PustakamBookWidgetExtension.appex */; settings = {ATTRIBUTES = (RemoveHeadersOnCopy, ); }; };
		22A0C181300C18FF008D5904 /* FileImportService.swift in Sources */ = {isa = PBXBuildFile; fileRef = 22A0C180300C18FF008D5904 /* FileImportService.swift */; };
		22A0C184300C19CB008D5904 /* DocumentFileCardView.swift in Sources */ = {isa = PBXBuildFile; fileRef = 22A0C182300C19CB008D5904 /* DocumentFileCardView.swift */; };
		22A0C189300C2A7F008D5904 /* InlineBookFileView.swift in Sources */ = {isa = PBXBuildFile; fileRef = 22A0C188300C2A7F008D5904 /* InlineBookFileView.swift */; };
		22A0C18C300C2B01008D5904 /* ZoomableView.swift in Sources */ = {isa = PBXBuildFile; fileRef = 22A0C18A300C2B01008D5904 /* ZoomableView.swift */; };
		22A0C18E300C3BC4008D5904 /* BookLoadingAnimation.swift in Sources */ = {isa = PBXBuildFile; fileRef = 22A0C18D300C3BC4008D5904 /* BookLoadingAnimation.swift */; };
		22B2CA7830119961002AD701 /* NotificationView.swift in Sources */ = {isa = PBXBuildFile; fileRef = 22B2CA6B30119961002AD701 /* NotificationView.swift */; };
		22B2CA7930119961002AD701 /* HomeView.swift in Sources */ = {isa = PBXBuildFile; fileRef = 22B2CA5F30119961002AD701 /* HomeView.swift */; };
		22B2CA7A30119961002AD701 /* LoginView.swift in Sources */ = {isa = PBXBuildFile; fileRef = 22B2CA6130119961002AD701 /* LoginView.swift */; };
		22B2CA7B30119961002AD701 /* NotesView.swift in Sources */ = {isa = PBXBuildFile; fileRef = 22B2CA6730119961002AD701 /* NotesView.swift */; };
		22B2CA7C30119961002AD701 /* BookReaderView.swift in Sources */ = {isa = PBXBuildFile; fileRef = 22B2CA5D30119961002AD701 /* BookReaderView.swift */; };
		22B2CA7D30119961002AD701 /* SignupView.swift in Sources */ = {isa = PBXBuildFile; fileRef = 22B2CA7530119961002AD701 /* SignupView.swift */; };
		22B2CA7E30119961002AD701 /* SettingsView.swift in Sources */ = {isa = PBXBuildFile; fileRef = 22B2CA7330119961002AD701 /* SettingsView.swift */; };
		22B2CA7F30119961002AD701 /* SearchView.swift in Sources */ = {isa = PBXBuildFile; fileRef = 22B2CA7030119961002AD701 /* SearchView.swift */; };
		22B2CA8030119961002AD701 /* NoteBookView.swift in Sources */ = {isa = PBXBuildFile; fileRef = 22B2CA6630119961002AD701 /* NoteBookView.swift */; };
		22B2CA8130119961002AD701 /* NoteEditorViewModel.swift in Sources */ = {isa = PBXBuildFile; fileRef = 22B2CA6430119961002AD701 /* NoteEditorViewModel.swift */; };
		22B2CA8230119961002AD701 /* NoteEditorView.swift in Sources */ = {isa = PBXBuildFile; fileRef = 22B2CA6330119961002AD701 /* NoteEditorView.swift */; };
		22B2CA8330119961002AD701 /* Router.swift in Sources */ = {isa = PBXBuildFile; fileRef = 22B2CA6D30119961002AD701 /* Router.swift */; };
		22B2CA8430119961002AD701 /* SearchViewModel.swift in Sources */ = {isa = PBXBuildFile; fileRef = 22B2CA7130119961002AD701 /* SearchViewModel.swift */; };
		22B2CA8530119961002AD701 /* NotesViewModel.swift in Sources */ = {isa = PBXBuildFile; fileRef = 22B2CA6830119961002AD701 /* NotesViewModel.swift */; };
		22B2CA8630119961002AD701 /* SearchBar.swift in Sources */ = {isa = PBXBuildFile; fileRef = 22B2CA6F30119961002AD701 /* SearchBar.swift */; };
		22B2CB0130119961002AD701 /* NoteBookReaderView.swift in Sources */ = {isa = PBXBuildFile; fileRef = 22B2CB0230119961002AD701 /* NoteBookReaderView.swift */; };
		22B2CE4000000000000000B1 /* VideoGridCell.swift in Sources */ = {isa = PBXBuildFile; fileRef = 22B2CE4000000000000000B2 /* VideoGridCell.swift */; };
		22B2CF5000000000000000C1 /* GridSizing.swift in Sources */ = {isa = PBXBuildFile; fileRef = 22B2CF5000000000000000C2 /* GridSizing.swift */; };
		22B8109C301DC72200DAF43F /* GenericGrid.swift in Sources */ = {isa = PBXBuildFile; fileRef = 22B8109B301DC72200DAF43F /* GenericGrid.swift */; };
		22BC34F830081CBA00C9057D /* FirebaseCrashlytics in Frameworks */ = {isa = PBXBuildFile; productRef = 22BC34F730081CBA00C9057D /* FirebaseCrashlytics */; };
		22BC350130083CB400C9057D /* GoogleService-Info.plist in Resources */ = {isa = PBXBuildFile; fileRef = 22BC350030083CB400C9057D /* GoogleService-Info.plist */; };
		22D0B517301F3C1D00BF1F4C /* CardActionsButton.swift in Sources */ = {isa = PBXBuildFile; fileRef = 22D0B516301F3C1D00BF1F4C /* CardActionsButton.swift */; };
		22D196BD30283E37000CF5F1 /* MasterTextWidget.swift in Sources */ = {isa = PBXBuildFile; fileRef = 22D196BB30283E37000CF5F1 /* MasterTextWidget.swift */; };
		22D196BE30283E37000CF5F1 /* MasterTextRenderer.swift in Sources */ = {isa = PBXBuildFile; fileRef = 22D196BA30283E37000CF5F1 /* MasterTextRenderer.swift */; };
		22D196BF30283E37000CF5F1 /* MasterCanvas.swift in Sources */ = {isa = PBXBuildFile; fileRef = 22D196B930283E37000CF5F1 /* MasterCanvas.swift */; };
		22D196C430283E37000CF5F1 /* MasterEditorScreen.swift in Sources */ = {isa = PBXBuildFile; fileRef = 22D196C230283E37000CF5F1 /* MasterEditorScreen.swift */; };
		22D196C530283E37000CF5F1 /* MasterEditorViewModel.swift in Sources */ = {isa = PBXBuildFile; fileRef = 22D196C330283E37000CF5F1 /* MasterEditorViewModel.swift */; };
		22D196C730283E37000CF5F1 /* MasterEditor.ext.swift in Sources */ = {isa = PBXBuildFile; fileRef = 22D196C630283E37000CF5F1 /* MasterEditor.ext.swift */; };
		22D196C930283E37000CF5F1 /* MasterTextSheets.swift in Sources */ = {isa = PBXBuildFile; fileRef = 22D196C830283E37000CF5F1 /* MasterTextSheets.swift */; };
		22D196CC30283E37000CF5F1 /* EditorCapabilityHost.swift in Sources */ = {isa = PBXBuildFile; fileRef = 22D196CB30283E37000CF5F1 /* EditorCapabilityHost.swift */; };
		22D1A0010001000000000002 /* MediaDownloadBar.swift in Sources */ = {isa = PBXBuildFile; fileRef = 22D1A0010001000000000001 /* MediaDownloadBar.swift */; };
		22EAC32230113B4E00EB8A80 /* ThemePalette.swift in Sources */ = {isa = PBXBuildFile; fileRef = 22EAC32130113B4E00EB8A80 /* ThemePalette.swift */; };
		22EAC32430113C2400EB8A80 /* ThemeTilePicker.swift in Sources */ = {isa = PBXBuildFile; fileRef = 22EAC32330113C2400EB8A80 /* ThemeTilePicker.swift */; };
		22EAC32A3011603000EB8A80 /* ReaderPrefsAdapter.swift in Sources */ = {isa = PBXBuildFile; fileRef = 22EAC3283011603000EB8A80 /* ReaderPrefsAdapter.swift */; };
		312388B88A39484490DE82AB /* SmartTextSheets.swift in Sources */ = {isa = PBXBuildFile; fileRef = F5A6249BEECE480894E43F9D /* SmartTextSheets.swift */; };
		344D74CFD4DB40D4A7B8F49D /* SmartTextStore.swift in Sources */ = {isa = PBXBuildFile; fileRef = 781DC0213FDD4E898994B140 /* SmartTextStore.swift */; };
		5DBDE3D4629F459E9A7D74BA /* SmartTextToolbars.swift in Sources */ = {isa = PBXBuildFile; fileRef = E7555D355DB041B79F274266 /* SmartTextToolbars.swift */; };
		630BA1762CF0CF7700D148C8 /* CameraCaptureView.swift in Sources */ = {isa = PBXBuildFile; fileRef = 630BA1752CF0CF6A00D148C8 /* CameraCaptureView.swift */; };
		630BA1782CF0CFA800D148C8 /* CameraPreview.swift in Sources */ = {isa = PBXBuildFile; fileRef = 630BA1772CF0CF9B00D148C8 /* CameraPreview.swift */; };
		630BA17E2CF10ED800D148C8 /* CameraPermission.swift in Sources */ = {isa = PBXBuildFile; fileRef = 630BA17D2CF10ECF00D148C8 /* CameraPermission.swift */; };
		630BA1832CF1F57800D148C8 /* AudioPlayingView.swift in Sources */ = {isa = PBXBuildFile; fileRef = 630BA1822CF1F55800D148C8 /* AudioPlayingView.swift */; };
		630BA1852CF23E0700D148C8 /* AudioRecoderHandler.swift in Sources */ = {isa = PBXBuildFile; fileRef = 630BA1842CF23DEA00D148C8 /* AudioRecoderHandler.swift */; };
		630BA1872CF2658000D148C8 /* Date.ext.swift in Sources */ = {isa = PBXBuildFile; fileRef = 630BA1862CF2657700D148C8 /* Date.ext.swift */; };
		630BA18B2CF2FD1B00D148C8 /* AudioRecorderView.swift in Sources */ = {isa = PBXBuildFile; fileRef = 630BA18A2CF2FD1B00D148C8 /* AudioRecorderView.swift */; };
		630BA1992CF50F8C00D148C8 /* AudioVisualizerView.swift in Sources */ = {isa = PBXBuildFile; fileRef = 630BA1982CF50F8C00D148C8 /* AudioVisualizerView.swift */; };
		630BA19B2CF5398000D148C8 /* AudioLevelsMonitor.swift in Sources */ = {isa = PBXBuildFile; fileRef = 630BA19A2CF5398000D148C8 /* AudioLevelsMonitor.swift */; };
		6315C6322DBA649F00796C7E /* MediaManager.swift in Sources */ = {isa = PBXBuildFile; fileRef = 6315C6312DBA649900796C7E /* MediaManager.swift */; };
		63302FE62E54B8270038B1FD /* TagView.swift in Sources */ = {isa = PBXBuildFile; fileRef = 63302FE52E54B81A0038B1FD /* TagView.swift */; };
		63302FE92E55198D0038B1FD /* Color.ext.swift in Sources */ = {isa = PBXBuildFile; fileRef = 63302FE82E5519860038B1FD /* Color.ext.swift */; };
		6345BFB32CEF35B900CC254C /* MicPermission.swift in Sources */ = {isa = PBXBuildFile; fileRef = 6345BFB22CEF35AA00CC254C /* MicPermission.swift */; };
		6345BFB52CEF35E400CC254C /* StroagePermission.swift in Sources */ = {isa = PBXBuildFile; fileRef = 6345BFB42CEF35D100CC254C /* StroagePermission.swift */; };
		6345BFB92CEF363A00CC254C /* LocationPermission.swift in Sources */ = {isa = PBXBuildFile; fileRef = 6345BFB82CEF363100CC254C /* LocationPermission.swift */; };
		634F659E2DA9CF7F00DD5142 /* AlertUseCase.swift in Sources */ = {isa = PBXBuildFile; fileRef = 634F659D2DA9CF6900DD5142 /* AlertUseCase.swift */; };
		635557452DC0732700C7D533 /* DateTime.swift in Sources */ = {isa = PBXBuildFile; fileRef = 635557442DC0732100C7D533 /* DateTime.swift */; };
		636341002F012A1B003835E4 /* NoteTextField.swift in Sources */ = {isa = PBXBuildFile; fileRef = 636340FF2F012A1B003835E4 /* NoteTextField.swift */; };
		636341022F016B8C003835E4 /* FormattingToolbar.swift in Sources */ = {isa = PBXBuildFile; fileRef = 636341012F016B8C003835E4 /* FormattingToolbar.swift */; };
		63682AAD2CE9094C00425C35 /* NoteTextEditor.swift in Sources */ = {isa = PBXBuildFile; fileRef = 63682AAC2CE9093C00425C35 /* NoteTextEditor.swift */; };
		63682AB02CE9118700425C35 /* StaggeredGrid.swift in Sources */ = {isa = PBXBuildFile; fileRef = 63682AAF2CE9116C00425C35 /* StaggeredGrid.swift */; };
		63682AB22CE9337400425C35 /* Note.ext.swift in Sources */ = {isa = PBXBuildFile; fileRef = 63682AB12CE9336500425C35 /* Note.ext.swift */; };
		639BBEF52CDC7B7500E0E00D /* LoadingUI.swift in Sources */ = {isa = PBXBuildFile; fileRef = 639BBEF42CDC7B6B00E0E00D /* LoadingUI.swift */; };
		639BBEFC2CDD4AA400E0E00D /* View.ext.swift in Sources */ = {isa = PBXBuildFile; fileRef = 639BBEFB2CDD4A9B00E0E00D /* View.ext.swift */; };
		63A5529A2D91949300A9C006 /* ThemeManager.swift in Sources */ = {isa = PBXBuildFile; fileRef = 63A552972D91949300A9C006 /* ThemeManager.swift */; };
		63A5529B2D91949300A9C006 /* Theme.swift in Sources */ = {isa = PBXBuildFile; fileRef = 63A552982D91949300A9C006 /* Theme.swift */; };
		63AA02532D9C64860040E872 /* NoteContents.ext.swift in Sources */ = {isa = PBXBuildFile; fileRef = 63AA02522D9C647C0040E872 /* NoteContents.ext.swift */; };
		63C00BE32CEC83A900A4907C /* Any.ext.swift in Sources */ = {isa = PBXBuildFile; fileRef = 63C00BE22CEC839E00A4907C /* Any.ext.swift */; };
		63C00BE62CEC925900A4907C /* BackButton.swift in Sources */ = {isa = PBXBuildFile; fileRef = 63C00BE52CEC925300A4907C /* BackButton.swift */; };
		63C00BE92CEC945900A4907C /* RulledPage.swift in Sources */ = {isa = PBXBuildFile; fileRef = 63C00BE82CEC942500A4907C /* RulledPage.swift */; };
		63C00BED2CECC51900A4907C /* OverlayEditorButtons.swift in Sources */ = {isa = PBXBuildFile; fileRef = 63C00BEC2CECC4E800A4907C /* OverlayEditorButtons.swift */; };
		63C00BEF2CECC6FF00A4907C /* ActionButton.swift in Sources */ = {isa = PBXBuildFile; fileRef = 63C00BEE2CECC6F300A4907C /* ActionButton.swift */; };
		63C61C822DA848EE004F92CB /* String.ext.swift in Sources */ = {isa = PBXBuildFile; fileRef = 63C61C812DA848E7004F92CB /* String.ext.swift */; };
		63CFB9202DB6F6E300093C96 /* FileOps.swift in Sources */ = {isa = PBXBuildFile; fileRef = 63CFB91F2DB6F69000093C96 /* FileOps.swift */; };
		63CFB9222DB7109A00093C96 /* CardImageEditor.swift in Sources */ = {isa = PBXBuildFile; fileRef = 63CFB9212DB7107D00093C96 /* CardImageEditor.swift */; };
		63CFB9242DB7261800093C96 /* VideoCardView.swift in Sources */ = {isa = PBXBuildFile; fileRef = 63CFB9232DB7260A00093C96 /* VideoCardView.swift */; };
		63D089232CAC870A008FD8CC /* AvatarImageView.swift in Sources */ = {isa = PBXBuildFile; fileRef = 63D089222CAC870A008FD8CC /* AvatarImageView.swift */; };
		63D089252CAC92CA008FD8CC /* OutlineTextfieldStyle.swift in Sources */ = {isa = PBXBuildFile; fileRef = 63D089242CAC92CA008FD8CC /* OutlineTextfieldStyle.swift */; };
		63D089272CAEA758008FD8CC /* SigninButton.swift in Sources */ = {isa = PBXBuildFile; fileRef = 63D089262CAEA758008FD8CC /* SigninButton.swift */; };
		63D2A6432E5C890B00FCF4A7 /* ColorSelector.swift in Sources */ = {isa = PBXBuildFile; fileRef = 63D2A6422E5C890B00FCF4A7 /* ColorSelector.swift */; };
		63D2A6482E5D9C5E00FCF4A7 /* HSVColorPicker.swift in Sources */ = {isa = PBXBuildFile; fileRef = 63D2A6472E5D9C5E00FCF4A7 /* HSVColorPicker.swift */; };
		63DE80E52CB6AEFF00626E49 /* ErrorField.swift in Sources */ = {isa = PBXBuildFile; fileRef = 63DE80E42CB6AEFF00626E49 /* ErrorField.swift */; };
		63DF200B2DBC3698001E0EDE /* PlayerUiState.swift in Sources */ = {isa = PBXBuildFile; fileRef = 63DF200A2DBC3698001E0EDE /* PlayerUiState.swift */; };
		63DF20112DBC5969001E0EDE /* SystemControlledPlayerView.swift in Sources */ = {isa = PBXBuildFile; fileRef = 63DF20102DBC5969001E0EDE /* SystemControlledPlayerView.swift */; };
		63DF20132DBC59BF001E0EDE /* MediaControlledPlayer.swift in Sources */ = {isa = PBXBuildFile; fileRef = 63DF20122DBC59BF001E0EDE /* MediaControlledPlayer.swift */; };
		63FDAFCA2D96DFBC0067169C /* ActionButtonWithoutBackground.swift in Sources */ = {isa = PBXBuildFile; fileRef = 63FDAFC92D96DFA50067169C /* ActionButtonWithoutBackground.swift */; };
		65D436ABFDB7B24C33FA4D9C /* SyncController.swift in Sources */ = {isa = PBXBuildFile; fileRef = 74C7FFD33144B8FB8262EEAD /* SyncController.swift */; };
		660BC8A75E41785212367C36 /* UsernameSheetView.swift in Sources */ = {isa = PBXBuildFile; fileRef = 226FFEFA8B10B38EE4559E41 /* UsernameSheetView.swift */; };
		7555FF83242A565900829871 /* ContentView.swift in Sources */ = {isa = PBXBuildFile; fileRef = 7555FF82242A565900829871 /* ContentView.swift */; };
		A5B04FE8D4D3479BAF878384 /* SmartTextStyleMapper.swift in Sources */ = {isa = PBXBuildFile; fileRef = 9348CB7296064B919C59882E /* SmartTextStyleMapper.swift */; };
		BF6E4476323949B146F6EB0F /* ProfileBridgeAdapter.swift in Sources */ = {isa = PBXBuildFile; fileRef = AACE922B4704016D801FAFDB /* ProfileBridgeAdapter.swift */; };
		CA75D91CDD8B2D887BE97063 /* ProfileView.swift in Sources */ = {isa = PBXBuildFile; fileRef = 3257236F69D2A370555B3045 /* ProfileView.swift */; };
		CHA71068F98FE5834C5C6417 /* ChatViewModel.swift in Sources */ = {isa = PBXBuildFile; fileRef = CHA7956A2FD46FEF0F3B8755 /* ChatViewModel.swift */; };
		CHA72A8330A857A4ED00F835 /* ChatAttachmentsView.swift in Sources */ = {isa = PBXBuildFile; fileRef = CHA7427E43BF330F24C40BE8 /* ChatAttachmentsView.swift */; };
		CHA7410E984FD2FB432FCE9D /* ChatMessageBubbleView.swift in Sources */ = {isa = PBXBuildFile; fileRef = CHA7155BC8E036BA297EF297 /* ChatMessageBubbleView.swift */; };
		CHA741F291FD65A3BB7FDDA0 /* ChatBridgeAdapter.swift in Sources */ = {isa = PBXBuildFile; fileRef = CHA7FEE119E7BCAF0460FA94 /* ChatBridgeAdapter.swift */; };
		CHA7550CC6BB9021F30BCA85 /* ChatComposerView.swift in Sources */ = {isa = PBXBuildFile; fileRef = CHA7665300500350AE5A4C5D /* ChatComposerView.swift */; };
		CHA75DC037908396154DE257 /* ChatListViewModel.swift in Sources */ = {isa = PBXBuildFile; fileRef = CHA7BBBB3F0A20540D2B81B3 /* ChatListViewModel.swift */; };
		CHA76D0D7AF284D688EC617D /* ChatSessionModel.swift in Sources */ = {isa = PBXBuildFile; fileRef = CHA7903B9A2228941AF23E43 /* ChatSessionModel.swift */; };
		CHA796F2D0159E7296F2C223 /* ChatScreenView.swift in Sources */ = {isa = PBXBuildFile; fileRef = CHA741DEB197311252DD3E1F /* ChatScreenView.swift */; };
		CHA79B0C55C04ACC1D99759A /* ChatListView.swift in Sources */ = {isa = PBXBuildFile; fileRef = CHA738250624138F40135B64 /* ChatListView.swift */; };
		CHA7D8F6940A6D017E74EDFF /* ChatWidgetView.swift in Sources */ = {isa = PBXBuildFile; fileRef = CHA75FE83A718DAF4F53B2D7 /* ChatWidgetView.swift */; };
		CHA7E31E6858281D8D21105C /* ChatFormatting.swift in Sources */ = {isa = PBXBuildFile; fileRef = CHA7934B7B179B1059A115CF /* ChatFormatting.swift */; };
		CHA7FD86D538EDD5BB2E7F72 /* ChatConversationRowView.swift in Sources */ = {isa = PBXBuildFile; fileRef = CHA79486903217B145B54459 /* ChatConversationRowView.swift */; };
		F5714A67668130981750B276 /* ProfileViewModel.swift in Sources */ = {isa = PBXBuildFile; fileRef = 69C00AB44392C4019E645116 /* ProfileViewModel.swift */; };
/* End PBXBuildFile section */

/* Begin PBXContainerItemProxy section */
		22A0C175300C1834008D5904 /* PBXContainerItemProxy */ = {
			isa = PBXContainerItemProxy;
			containerPortal = 7555FF73242A565900829871 /* Project object */;
			proxyType = 1;
			remoteGlobalIDString = 22A0C167300C1834008D5904;
			remoteInfo = PustakamBookWidgetExtension;
		};
/* End PBXContainerItemProxy section */

/* Begin PBXCopyFilesBuildPhase section */
		22A0C178300C1834008D5904 /* Embed Foundation Extensions */ = {
			isa = PBXCopyFilesBuildPhase;
			buildActionMask = 2147483647;
			dstPath = "";
			dstSubfolderSpec = 13;
			files = (
				22A0C177300C1834008D5904 /* PustakamBookWidgetExtension.appex in Embed Foundation Extensions */,
			);
			name = "Embed Foundation Extensions";
			runOnlyForDeploymentPostprocessing = 0;
		};
		7555FFB4242A642300829871 /* Embed Frameworks */ = {
			isa = PBXCopyFilesBuildPhase;
			buildActionMask = 2147483647;
			dstPath = "";
			dstSubfolderSpec = 10;
			files = (
			);
			name = "Embed Frameworks";
			runOnlyForDeploymentPostprocessing = 0;
		};
/* End PBXCopyFilesBuildPhase section */

/* Begin PBXFileReference section */
		0000000022B2CB1000000001 /* ReaderBlockView.swift */ = {isa = PBXFileReference; lastKnownFileType = sourcecode.swift; path = ReaderBlockView.swift; sourceTree = "<group>"; };
		0000000022B2CB1000000003 /* ReaderPageView.swift */ = {isa = PBXFileReference; lastKnownFileType = sourcecode.swift; path = ReaderPageView.swift; sourceTree = "<group>"; };
		0000000022B2CB1000000005 /* ReaderScrollView.swift */ = {isa = PBXFileReference; lastKnownFileType = sourcecode.swift; path = ReaderScrollView.swift; sourceTree = "<group>"; };
		0000000022B2CB1000000007 /* ReaderPageOffsetKey.swift */ = {isa = PBXFileReference; lastKnownFileType = sourcecode.swift; path = ReaderPageOffsetKey.swift; sourceTree = "<group>"; };
		0000000022B2CB1000000009 /* ReaderPageCurlView.swift */ = {isa = PBXFileReference; lastKnownFileType = sourcecode.swift; path = ReaderPageCurlView.swift; sourceTree = "<group>"; };
		0000000022B2CB100000000B /* TitleBlockView.swift */ = {isa = PBXFileReference; lastKnownFileType = sourcecode.swift; path = TitleBlockView.swift; sourceTree = "<group>"; };
		0000000022B2CB100000000D /* ParagraphBlockView.swift */ = {isa = PBXFileReference; lastKnownFileType = sourcecode.swift; path = ParagraphBlockView.swift; sourceTree = "<group>"; };
		0000000022B2CB100000000F /* ImageGridBlockView.swift */ = {isa = PBXFileReference; lastKnownFileType = sourcecode.swift; path = ImageGridBlockView.swift; sourceTree = "<group>"; };
		0000000022B2CB1000000011 /* ImageGridCell.swift */ = {isa = PBXFileReference; lastKnownFileType = sourcecode.swift; path = ImageGridCell.swift; sourceTree = "<group>"; };
		0000000022B2CB1000000013 /* VideoGridBlockView.swift */ = {isa = PBXFileReference; lastKnownFileType = sourcecode.swift; path = VideoGridBlockView.swift; sourceTree = "<group>"; };
		0000000022B2CB1000000015 /* AudioBlockView.swift */ = {isa = PBXFileReference; lastKnownFileType = sourcecode.swift; path = AudioBlockView.swift; sourceTree = "<group>"; };
		0000000022B2CB1000000017 /* DocumentBlockView.swift */ = {isa = PBXFileReference; lastKnownFileType = sourcecode.swift; path = DocumentBlockView.swift; sourceTree = "<group>"; };
		0000000022B2CB1000000019 /* LinkBlockView.swift */ = {isa = PBXFileReference; lastKnownFileType = sourcecode.swift; path = LinkBlockView.swift; sourceTree = "<group>"; };
		0000000022B2CB100000001B /* LocationBlockView.swift */ = {isa = PBXFileReference; lastKnownFileType = sourcecode.swift; path = LocationBlockView.swift; sourceTree = "<group>"; };
		0000000022B2CB1000000102 /* InlineDocuments.swift */ = {isa = PBXFileReference; lastKnownFileType = sourcecode.swift; path = InlineDocuments.swift; sourceTree = "<group>"; };
		0000000022B2CB1000000104 /* DocumentPageBlockView.swift */ = {isa = PBXFileReference; lastKnownFileType = sourcecode.swift; path = DocumentPageBlockView.swift; sourceTree = "<group>"; };
		0000000022B2CB1000000108 /* SmartTextDisplay.swift */ = {isa = PBXFileReference; lastKnownFileType = sourcecode.swift; path = SmartTextDisplay.swift; sourceTree = "<group>"; };
		0000000022B2CB100000010A /* RichParagraphBlockView.swift */ = {isa = PBXFileReference; lastKnownFileType = sourcecode.swift; path = RichParagraphBlockView.swift; sourceTree = "<group>"; };
		058557BA273AAA24004C7B11 /* Assets.xcassets */ = {isa = PBXFileReference; lastKnownFileType = folder.assetcatalog; path = Assets.xcassets; sourceTree = "<group>"; };
		2152FB032600AC8F00CF470E /* iOSApp.swift */ = {isa = PBXFileReference; lastKnownFileType = sourcecode.swift; path = iOSApp.swift; sourceTree = "<group>"; };
		221C1D6A302E13F300A65C6F /* CanvasBridgeAdapter.swift */ = {isa = PBXFileReference; lastKnownFileType = sourcecode.swift; path = CanvasBridgeAdapter.swift; sourceTree = "<group>"; };
		2261696A3021FDCE00B49A04 /* HardwareManager.swift */ = {isa = PBXFileReference; lastKnownFileType = sourcecode.swift; path = HardwareManager.swift; sourceTree = "<group>"; };
		2261696C3021FDEB00B49A04 /* PermissionGate.swift */ = {isa = PBXFileReference; lastKnownFileType = sourcecode.swift; path = PermissionGate.swift; sourceTree = "<group>"; };
		226FFEFA8B10B38EE4559E41 /* UsernameSheetView.swift */ = {isa = PBXFileReference; lastKnownFileType = sourcecode.swift; path = UsernameSheetView.swift; sourceTree = "<group>"; };
		2287BB28300D69F800F6D3E2 /* ImagePreviewView.swift */ = {isa = PBXFileReference; lastKnownFileType = sourcecode.swift; path = ImagePreviewView.swift; sourceTree = "<group>"; };
		2287BB30300E5C2A00F6D3E2 /* NoteExporter.swift */ = {isa = PBXFileReference; lastKnownFileType = sourcecode.swift; path = NoteExporter.swift; sourceTree = "<group>"; };
		2287BB413010149D00F6D3E2 /* FolderItem.swift */ = {isa = PBXFileReference; lastKnownFileType = sourcecode.swift; path = FolderItem.swift; sourceTree = "<group>"; };
		2287BB43301014C500F6D3E2 /* QuickActionCard.swift */ = {isa = PBXFileReference; lastKnownFileType = sourcecode.swift; path = QuickActionCard.swift; sourceTree = "<group>"; };
		2287BB45301014FF00F6D3E2 /* ContinueReadingCard.swift */ = {isa = PBXFileReference; lastKnownFileType = sourcecode.swift; path = ContinueReadingCard.swift; sourceTree = "<group>"; };
		228AE49E30012F2D00F53C82 /* UiState.swift */ = {isa = PBXFileReference; lastKnownFileType = sourcecode.swift; path = UiState.swift; sourceTree = "<group>"; };
		228AE4A230012F9A00F53C82 /* NotesBridgeAdapter.swift */ = {isa = PBXFileReference; lastKnownFileType = sourcecode.swift; path = NotesBridgeAdapter.swift; sourceTree = "<group>"; };
		228AE4B030013AA100F53C82 /* AuthBridgeAdapter.swift */ = {isa = PBXFileReference; lastKnownFileType = sourcecode.swift; path = AuthBridgeAdapter.swift; sourceTree = "<group>"; };
		22A0ABB8301B419400B2817C /* OrientationManager.swift */ = {isa = PBXFileReference; lastKnownFileType = sourcecode.swift; path = OrientationManager.swift; sourceTree = "<group>"; };
		22A0ABBA301B41D500B2817C /* OrientationLock.swift */ = {isa = PBXFileReference; lastKnownFileType = sourcecode.swift; path = OrientationLock.swift; sourceTree = "<group>"; };
		22A0C168300C1834008D5904 /* PustakamBookWidgetExtension.appex */ = {isa = PBXFileReference; explicitFileType = "wrapper.app-extension"; includeInIndex = 0; path = PustakamBookWidgetExtension.appex; sourceTree = BUILT_PRODUCTS_DIR; };
		22A0C169300C1834008D5904 /* WidgetKit.framework */ = {isa = PBXFileReference; lastKnownFileType = wrapper.framework; name = WidgetKit.framework; path = System/Library/Frameworks/WidgetKit.framework; sourceTree = SDKROOT; };
		22A0C16B300C1834008D5904 /* SwiftUI.framework */ = {isa = PBXFileReference; lastKnownFileType = wrapper.framework; name = SwiftUI.framework; path = System/Library/Frameworks/SwiftUI.framework; sourceTree = SDKROOT; };
		22A0C180300C18FF008D5904 /* FileImportService.swift */ = {isa = PBXFileReference; lastKnownFileType = sourcecode.swift; path = FileImportService.swift; sourceTree = "<group>"; };
		22A0C182300C19CB008D5904 /* DocumentFileCardView.swift */ = {isa = PBXFileReference; lastKnownFileType = sourcecode.swift; path = DocumentFileCardView.swift; sourceTree = "<group>"; };
		22A0C188300C2A7F008D5904 /* InlineBookFileView.swift */ = {isa = PBXFileReference; lastKnownFileType = sourcecode.swift; path = InlineBookFileView.swift; sourceTree = "<group>"; };
		22A0C18A300C2B01008D5904 /* ZoomableView.swift */ = {isa = PBXFileReference; lastKnownFileType = sourcecode.swift; path = ZoomableView.swift; sourceTree = "<group>"; };
		22A0C18D300C3BC4008D5904 /* BookLoadingAnimation.swift */ = {isa = PBXFileReference; lastKnownFileType = sourcecode.swift; path = BookLoadingAnimation.swift; sourceTree = "<group>"; };
		22B2CA5D30119961002AD701 /* BookReaderView.swift */ = {isa = PBXFileReference; lastKnownFileType = sourcecode.swift; path = BookReaderView.swift; sourceTree = "<group>"; };
		22B2CA5F30119961002AD701 /* HomeView.swift */ = {isa = PBXFileReference; lastKnownFileType = sourcecode.swift; path = HomeView.swift; sourceTree = "<group>"; };
		22B2CA6130119961002AD701 /* LoginView.swift */ = {isa = PBXFileReference; lastKnownFileType = sourcecode.swift; path = LoginView.swift; sourceTree = "<group>"; };
		22B2CA6330119961002AD701 /* NoteEditorView.swift */ = {isa = PBXFileReference; lastKnownFileType = sourcecode.swift; path = NoteEditorView.swift; sourceTree = "<group>"; };
		22B2CA6430119961002AD701 /* NoteEditorViewModel.swift */ = {isa = PBXFileReference; lastKnownFileType = sourcecode.swift; path = NoteEditorViewModel.swift; sourceTree = "<group>"; };
		22B2CA6630119961002AD701 /* NoteBookView.swift */ = {isa = PBXFileReference; lastKnownFileType = sourcecode.swift; path = NoteBookView.swift; sourceTree = "<group>"; };
		22B2CA6730119961002AD701 /* NotesView.swift */ = {isa = PBXFileReference; lastKnownFileType = sourcecode.swift; path = NotesView.swift; sourceTree = "<group>"; };
		22B2CA6830119961002AD701 /* NotesViewModel.swift */ = {isa = PBXFileReference; lastKnownFileType = sourcecode.swift; path = NotesViewModel.swift; sourceTree = "<group>"; };
		22B2CA6B30119961002AD701 /* NotificationView.swift */ = {isa = PBXFileReference; lastKnownFileType = sourcecode.swift; path = NotificationView.swift; sourceTree = "<group>"; };
		22B2CA6D30119961002AD701 /* Router.swift */ = {isa = PBXFileReference; lastKnownFileType = sourcecode.swift; path = Router.swift; sourceTree = "<group>"; };
		22B2CA6F30119961002AD701 /* SearchBar.swift */ = {isa = PBXFileReference; lastKnownFileType = sourcecode.swift; path = SearchBar.swift; sourceTree = "<group>"; };
		22B2CA7030119961002AD701 /* SearchView.swift */ = {isa = PBXFileReference; lastKnownFileType = sourcecode.swift; path = SearchView.swift; sourceTree = "<group>"; };
		22B2CA7130119961002AD701 /* SearchViewModel.swift */ = {isa = PBXFileReference; lastKnownFileType = sourcecode.swift; path = SearchViewModel.swift; sourceTree = "<group>"; };
		22B2CA7330119961002AD701 /* SettingsView.swift */ = {isa = PBXFileReference; lastKnownFileType = sourcecode.swift; path = SettingsView.swift; sourceTree = "<group>"; };
		22B2CA7530119961002AD701 /* SignupView.swift */ = {isa = PBXFileReference; lastKnownFileType = sourcecode.swift; path = SignupView.swift; sourceTree = "<group>"; };
		22B2CB0230119961002AD701 /* NoteBookReaderView.swift */ = {isa = PBXFileReference; lastKnownFileType = sourcecode.swift; path = NoteBookReaderView.swift; sourceTree = "<group>"; };
		22B2CE4000000000000000B2 /* VideoGridCell.swift */ = {isa = PBXFileReference; lastKnownFileType = sourcecode.swift; path = VideoGridCell.swift; sourceTree = "<group>"; };
		22B2CF5000000000000000C2 /* GridSizing.swift */ = {isa = PBXFileReference; lastKnownFileType = sourcecode.swift; path = GridSizing.swift; sourceTree = "<group>"; };
		22B8109B301DC72200DAF43F /* GenericGrid.swift */ = {isa = PBXFileReference; lastKnownFileType = sourcecode.swift; path = GenericGrid.swift; sourceTree = "<group>"; };
		22BC350030083CB400C9057D /* GoogleService-Info.plist */ = {isa = PBXFileReference; lastKnownFileType = text.plist.xml; path = "GoogleService-Info.plist"; sourceTree = "<group>"; };
		22D0B516301F3C1D00BF1F4C /* CardActionsButton.swift */ = {isa = PBXFileReference; lastKnownFileType = sourcecode.swift; path = CardActionsButton.swift; sourceTree = "<group>"; };
		22D196B930283E37000CF5F1 /* MasterCanvas.swift */ = {isa = PBXFileReference; lastKnownFileType = sourcecode.swift; path = MasterCanvas.swift; sourceTree = "<group>"; };
		22D196BA30283E37000CF5F1 /* MasterTextRenderer.swift */ = {isa = PBXFileReference; lastKnownFileType = sourcecode.swift; path = MasterTextRenderer.swift; sourceTree = "<group>"; };
		22D196BB30283E37000CF5F1 /* MasterTextWidget.swift */ = {isa = PBXFileReference; lastKnownFileType = sourcecode.swift; path = MasterTextWidget.swift; sourceTree = "<group>"; };
		22D196C230283E37000CF5F1 /* MasterEditorScreen.swift */ = {isa = PBXFileReference; lastKnownFileType = sourcecode.swift; path = MasterEditorScreen.swift; sourceTree = "<group>"; };
		22D196C330283E37000CF5F1 /* MasterEditorViewModel.swift */ = {isa = PBXFileReference; lastKnownFileType = sourcecode.swift; path = MasterEditorViewModel.swift; sourceTree = "<group>"; };
		22D196C630283E37000CF5F1 /* MasterEditor.ext.swift */ = {isa = PBXFileReference; lastKnownFileType = sourcecode.swift; path = MasterEditor.ext.swift; sourceTree = "<group>"; };
		22D196C830283E37000CF5F1 /* MasterTextSheets.swift */ = {isa = PBXFileReference; lastKnownFileType = sourcecode.swift; path = MasterTextSheets.swift; sourceTree = "<group>"; };
		22D196CB30283E37000CF5F1 /* EditorCapabilityHost.swift */ = {isa = PBXFileReference; lastKnownFileType = sourcecode.swift; path = EditorCapabilityHost.swift; sourceTree = "<group>"; };
		22D1A0010001000000000001 /* MediaDownloadBar.swift */ = {isa = PBXFileReference; lastKnownFileType = sourcecode.swift; path = MediaDownloadBar.swift; sourceTree = "<group>"; };
		22EAC32130113B4E00EB8A80 /* ThemePalette.swift */ = {isa = PBXFileReference; lastKnownFileType = sourcecode.swift; path = ThemePalette.swift; sourceTree = "<group>"; };
		22EAC32330113C2400EB8A80 /* ThemeTilePicker.swift */ = {isa = PBXFileReference; lastKnownFileType = sourcecode.swift; path = ThemeTilePicker.swift; sourceTree = "<group>"; };
		22EAC3283011603000EB8A80 /* ReaderPrefsAdapter.swift */ = {isa = PBXFileReference; lastKnownFileType = sourcecode.swift; path = ReaderPrefsAdapter.swift; sourceTree = "<group>"; };
		3257236F69D2A370555B3045 /* ProfileView.swift */ = {isa = PBXFileReference; lastKnownFileType = sourcecode.swift; path = ProfileView.swift; sourceTree = "<group>"; };
		475FA9AFF07B4000B329B496 /* SmartTextWidget.swift */ = {isa = PBXFileReference; lastKnownFileType = sourcecode.swift; path = SmartTextWidget.swift; sourceTree = "<group>"; };
		630BA1752CF0CF6A00D148C8 /* CameraCaptureView.swift */ = {isa = PBXFileReference; lastKnownFileType = sourcecode.swift; path = CameraCaptureView.swift; sourceTree = "<group>"; };
		630BA1772CF0CF9B00D148C8 /* CameraPreview.swift */ = {isa = PBXFileReference; lastKnownFileType = sourcecode.swift; path = CameraPreview.swift; sourceTree = "<group>"; };
		630BA17D2CF10ECF00D148C8 /* CameraPermission.swift */ = {isa = PBXFileReference; lastKnownFileType = sourcecode.swift; path = CameraPermission.swift; sourceTree = "<group>"; };
		630BA1822CF1F55800D148C8 /* AudioPlayingView.swift */ = {isa = PBXFileReference; lastKnownFileType = sourcecode.swift; path = AudioPlayingView.swift; sourceTree = "<group>"; };
		630BA1842CF23DEA00D148C8 /* AudioRecoderHandler.swift */ = {isa = PBXFileReference; lastKnownFileType = sourcecode.swift; path = AudioRecoderHandler.swift; sourceTree = "<group>"; };
		630BA1862CF2657700D148C8 /* Date.ext.swift */ = {isa = PBXFileReference; lastKnownFileType = sourcecode.swift; path = Date.ext.swift; sourceTree = "<group>"; };
		630BA18A2CF2FD1B00D148C8 /* AudioRecorderView.swift */ = {isa = PBXFileReference; lastKnownFileType = sourcecode.swift; path = AudioRecorderView.swift; sourceTree = "<group>"; };
		630BA1982CF50F8C00D148C8 /* AudioVisualizerView.swift */ = {isa = PBXFileReference; lastKnownFileType = sourcecode.swift; path = AudioVisualizerView.swift; sourceTree = "<group>"; };
		630BA19A2CF5398000D148C8 /* AudioLevelsMonitor.swift */ = {isa = PBXFileReference; lastKnownFileType = sourcecode.swift; path = AudioLevelsMonitor.swift; sourceTree = "<group>"; };
		6315C6312DBA649900796C7E /* MediaManager.swift */ = {isa = PBXFileReference; lastKnownFileType = sourcecode.swift; path = MediaManager.swift; sourceTree = "<group>"; };
		63302FE52E54B81A0038B1FD /* TagView.swift */ = {isa = PBXFileReference; lastKnownFileType = sourcecode.swift; path = TagView.swift; sourceTree = "<group>"; };
		63302FE82E5519860038B1FD /* Color.ext.swift */ = {isa = PBXFileReference; lastKnownFileType = sourcecode.swift; path = Color.ext.swift; sourceTree = "<group>"; };
		6345BFB22CEF35AA00CC254C /* MicPermission.swift */ = {isa = PBXFileReference; lastKnownFileType = sourcecode.swift; path = MicPermission.swift; sourceTree = "<group>"; };
		6345BFB42CEF35D100CC254C /* StroagePermission.swift */ = {isa = PBXFileReference; lastKnownFileType = sourcecode.swift; path = StroagePermission.swift; sourceTree = "<group>"; };
		6345BFB82CEF363100CC254C /* LocationPermission.swift */ = {isa = PBXFileReference; lastKnownFileType = sourcecode.swift; path = LocationPermission.swift; sourceTree = "<group>"; };
		634F659D2DA9CF6900DD5142 /* AlertUseCase.swift */ = {isa = PBXFileReference; lastKnownFileType = sourcecode.swift; path = AlertUseCase.swift; sourceTree = "<group>"; };
		635557442DC0732100C7D533 /* DateTime.swift */ = {isa = PBXFileReference; lastKnownFileType = sourcecode.swift; path = DateTime.swift; sourceTree = "<group>"; };
		636340FF2F012A1B003835E4 /* NoteTextField.swift */ = {isa = PBXFileReference; lastKnownFileType = sourcecode.swift; path = NoteTextField.swift; sourceTree = "<group>"; };
		636341012F016B8C003835E4 /* FormattingToolbar.swift */ = {isa = PBXFileReference; lastKnownFileType = sourcecode.swift; path = FormattingToolbar.swift; sourceTree = "<group>"; };
		63682AAC2CE9093C00425C35 /* NoteTextEditor.swift */ = {isa = PBXFileReference; lastKnownFileType = sourcecode.swift; path = NoteTextEditor.swift; sourceTree = "<group>"; };
		63682AAF2CE9116C00425C35 /* StaggeredGrid.swift */ = {isa = PBXFileReference; lastKnownFileType = sourcecode.swift; path = StaggeredGrid.swift; sourceTree = "<group>"; };
		63682AB12CE9336500425C35 /* Note.ext.swift */ = {isa = PBXFileReference; lastKnownFileType = sourcecode.swift; path = Note.ext.swift; sourceTree = "<group>"; };
		639BBEF42CDC7B6B00E0E00D /* LoadingUI.swift */ = {isa = PBXFileReference; lastKnownFileType = sourcecode.swift; path = LoadingUI.swift; sourceTree = "<group>"; };
		639BBEFB2CDD4A9B00E0E00D /* View.ext.swift */ = {isa = PBXFileReference; lastKnownFileType = sourcecode.swift; path = View.ext.swift; sourceTree = "<group>"; };
		63A552972D91949300A9C006 /* ThemeManager.swift */ = {isa = PBXFileReference; lastKnownFileType = sourcecode.swift; path = ThemeManager.swift; sourceTree = "<group>"; };
		63A552982D91949300A9C006 /* Theme.swift */ = {isa = PBXFileReference; lastKnownFileType = sourcecode.swift; path = Theme.swift; sourceTree = "<group>"; };
		63AA02522D9C647C0040E872 /* NoteContents.ext.swift */ = {isa = PBXFileReference; lastKnownFileType = sourcecode.swift; path = NoteContents.ext.swift; sourceTree = "<group>"; };
		63C00BE22CEC839E00A4907C /* Any.ext.swift */ = {isa = PBXFileReference; lastKnownFileType = sourcecode.swift; path = Any.ext.swift; sourceTree = "<group>"; };
		63C00BE52CEC925300A4907C /* BackButton.swift */ = {isa = PBXFileReference; lastKnownFileType = sourcecode.swift; path = BackButton.swift; sourceTree = "<group>"; };
		63C00BE82CEC942500A4907C /* RulledPage.swift */ = {isa = PBXFileReference; lastKnownFileType = sourcecode.swift; path = RulledPage.swift; sourceTree = "<group>"; };
		63C00BEC2CECC4E800A4907C /* OverlayEditorButtons.swift */ = {isa = PBXFileReference; lastKnownFileType = sourcecode.swift; path = OverlayEditorButtons.swift; sourceTree = "<group>"; };
		63C00BEE2CECC6F300A4907C /* ActionButton.swift */ = {isa = PBXFileReference; lastKnownFileType = sourcecode.swift; path = ActionButton.swift; sourceTree = "<group>"; };
		63C61C812DA848E7004F92CB /* String.ext.swift */ = {isa = PBXFileReference; lastKnownFileType = sourcecode.swift; path = String.ext.swift; sourceTree = "<group>"; };
		63CFB91F2DB6F69000093C96 /* FileOps.swift */ = {isa = PBXFileReference; lastKnownFileType = sourcecode.swift; path = FileOps.swift; sourceTree = "<group>"; };
		63CFB9212DB7107D00093C96 /* CardImageEditor.swift */ = {isa = PBXFileReference; lastKnownFileType = sourcecode.swift; path = CardImageEditor.swift; sourceTree = "<group>"; };
		63CFB9232DB7260A00093C96 /* VideoCardView.swift */ = {isa = PBXFileReference; lastKnownFileType = sourcecode.swift; path = VideoCardView.swift; sourceTree = "<group>"; };
		63D089222CAC870A008FD8CC /* AvatarImageView.swift */ = {isa = PBXFileReference; lastKnownFileType = sourcecode.swift; path = AvatarImageView.swift; sourceTree = "<group>"; };
		63D089242CAC92CA008FD8CC /* OutlineTextfieldStyle.swift */ = {isa = PBXFileReference; lastKnownFileType = sourcecode.swift; path = OutlineTextfieldStyle.swift; sourceTree = "<group>"; };
		63D089262CAEA758008FD8CC /* SigninButton.swift */ = {isa = PBXFileReference; lastKnownFileType = sourcecode.swift; path = SigninButton.swift; sourceTree = "<group>"; };
		63D2A6422E5C890B00FCF4A7 /* ColorSelector.swift */ = {isa = PBXFileReference; lastKnownFileType = sourcecode.swift; path = ColorSelector.swift; sourceTree = "<group>"; };
		63D2A6472E5D9C5E00FCF4A7 /* HSVColorPicker.swift */ = {isa = PBXFileReference; lastKnownFileType = sourcecode.swift; path = HSVColorPicker.swift; sourceTree = "<group>"; };
		63DE80E42CB6AEFF00626E49 /* ErrorField.swift */ = {isa = PBXFileReference; lastKnownFileType = sourcecode.swift; path = ErrorField.swift; sourceTree = "<group>"; };
		63DF200A2DBC3698001E0EDE /* PlayerUiState.swift */ = {isa = PBXFileReference; lastKnownFileType = sourcecode.swift; path = PlayerUiState.swift; sourceTree = "<group>"; };
		63DF20102DBC5969001E0EDE /* SystemControlledPlayerView.swift */ = {isa = PBXFileReference; lastKnownFileType = sourcecode.swift; path = SystemControlledPlayerView.swift; sourceTree = "<group>"; };
		63DF20122DBC59BF001E0EDE /* MediaControlledPlayer.swift */ = {isa = PBXFileReference; lastKnownFileType = sourcecode.swift; path = MediaControlledPlayer.swift; sourceTree = "<group>"; };
		63FDAFC92D96DFA50067169C /* ActionButtonWithoutBackground.swift */ = {isa = PBXFileReference; lastKnownFileType = sourcecode.swift; path = ActionButtonWithoutBackground.swift; sourceTree = "<group>"; };
		69C00AB44392C4019E645116 /* ProfileViewModel.swift */ = {isa = PBXFileReference; lastKnownFileType = sourcecode.swift; path = ProfileViewModel.swift; sourceTree = "<group>"; };
		74C7FFD33144B8FB8262EEAD /* SyncController.swift */ = {isa = PBXFileReference; lastKnownFileType = sourcecode.swift; path = SyncController.swift; sourceTree = "<group>"; };
		7555FF7B242A565900829871 /* iosApp.app */ = {isa = PBXFileReference; explicitFileType = wrapper.application; includeInIndex = 0; path = iosApp.app; sourceTree = BUILT_PRODUCTS_DIR; };
		7555FF82242A565900829871 /* ContentView.swift */ = {isa = PBXFileReference; lastKnownFileType = sourcecode.swift; path = ContentView.swift; sourceTree = "<group>"; };
		7555FF8C242A565B00829871 /* Info.plist */ = {isa = PBXFileReference; lastKnownFileType = text.plist.xml; path = Info.plist; sourceTree = "<group>"; };
		781DC0213FDD4E898994B140 /* SmartTextStore.swift */ = {isa = PBXFileReference; lastKnownFileType = sourcecode.swift; path = SmartTextStore.swift; sourceTree = "<group>"; };
		7EE6C8D4164A4F368A2458A0 /* SmartTextBlockView.swift */ = {isa = PBXFileReference; lastKnownFileType = sourcecode.swift; path = SmartTextBlockView.swift; sourceTree = "<group>"; };
		9348CB7296064B919C59882E /* SmartTextStyleMapper.swift */ = {isa = PBXFileReference; lastKnownFileType = sourcecode.swift; path = SmartTextStyleMapper.swift; sourceTree = "<group>"; };
		AACE922B4704016D801FAFDB /* ProfileBridgeAdapter.swift */ = {isa = PBXFileReference; lastKnownFileType = sourcecode.swift; path = ProfileBridgeAdapter.swift; sourceTree = "<group>"; };
		CHA7155BC8E036BA297EF297 /* ChatMessageBubbleView.swift */ = {isa = PBXFileReference; lastKnownFileType = sourcecode.swift; path = ChatMessageBubbleView.swift; sourceTree = "<group>"; };
		CHA738250624138F40135B64 /* ChatListView.swift */ = {isa = PBXFileReference; lastKnownFileType = sourcecode.swift; path = ChatListView.swift; sourceTree = "<group>"; };
		CHA741DEB197311252DD3E1F /* ChatScreenView.swift */ = {isa = PBXFileReference; lastKnownFileType = sourcecode.swift; path = ChatScreenView.swift; sourceTree = "<group>"; };
		CHA7427E43BF330F24C40BE8 /* ChatAttachmentsView.swift */ = {isa = PBXFileReference; lastKnownFileType = sourcecode.swift; path = ChatAttachmentsView.swift; sourceTree = "<group>"; };
		CHA75FE83A718DAF4F53B2D7 /* ChatWidgetView.swift */ = {isa = PBXFileReference; lastKnownFileType = sourcecode.swift; path = ChatWidgetView.swift; sourceTree = "<group>"; };
		CHA7665300500350AE5A4C5D /* ChatComposerView.swift */ = {isa = PBXFileReference; lastKnownFileType = sourcecode.swift; path = ChatComposerView.swift; sourceTree = "<group>"; };
		CHA7903B9A2228941AF23E43 /* ChatSessionModel.swift */ = {isa = PBXFileReference; lastKnownFileType = sourcecode.swift; path = ChatSessionModel.swift; sourceTree = "<group>"; };
		CHA7934B7B179B1059A115CF /* ChatFormatting.swift */ = {isa = PBXFileReference; lastKnownFileType = sourcecode.swift; path = ChatFormatting.swift; sourceTree = "<group>"; };
		CHA79486903217B145B54459 /* ChatConversationRowView.swift */ = {isa = PBXFileReference; lastKnownFileType = sourcecode.swift; path = ChatConversationRowView.swift; sourceTree = "<group>"; };
		CHA7956A2FD46FEF0F3B8755 /* ChatViewModel.swift */ = {isa = PBXFileReference; lastKnownFileType = sourcecode.swift; path = ChatViewModel.swift; sourceTree = "<group>"; };
		CHA7BBBB3F0A20540D2B81B3 /* ChatListViewModel.swift */ = {isa = PBXFileReference; lastKnownFileType = sourcecode.swift; path = ChatListViewModel.swift; sourceTree = "<group>"; };
		CHA7FEE119E7BCAF0460FA94 /* ChatBridgeAdapter.swift */ = {isa = PBXFileReference; lastKnownFileType = sourcecode.swift; path = ChatBridgeAdapter.swift; sourceTree = "<group>"; };
		D56641EA9DFE4226B27A9866 /* SmartTextEditorView.swift */ = {isa = PBXFileReference; lastKnownFileType = sourcecode.swift; path = SmartTextEditorView.swift; sourceTree = "<group>"; };
		E7555D355DB041B79F274266 /* SmartTextToolbars.swift */ = {isa = PBXFileReference; lastKnownFileType = sourcecode.swift; path = SmartTextToolbars.swift; sourceTree = "<group>"; };
		F5A6249BEECE480894E43F9D /* SmartTextSheets.swift */ = {isa = PBXFileReference; lastKnownFileType = sourcecode.swift; path = SmartTextSheets.swift; sourceTree = "<group>"; };
		FEAD1FB8676E463C87126315 /* SmartTextTokens.swift */ = {isa = PBXFileReference; lastKnownFileType = sourcecode.swift; path = SmartTextTokens.swift; sourceTree = "<group>"; };
/* End PBXFileReference section */

/* Begin PBXFileSystemSynchronizedBuildFileExceptionSet section */
		22A0C17B300C1834008D5904 /* PBXFileSystemSynchronizedBuildFileExceptionSet */ = {
			isa = PBXFileSystemSynchronizedBuildFileExceptionSet;
			membershipExceptions = (
				Info.plist,
			);
			target = 22A0C167300C1834008D5904 /* PustakamBookWidgetExtension */;
		};
/* End PBXFileSystemSynchronizedBuildFileExceptionSet section */

/* Begin PBXFileSystemSynchronizedRootGroup section */
		22A0C16D300C1834008D5904 /* PustakamBookWidget */ = {isa = PBXFileSystemSynchronizedRootGroup; exceptions = (22A0C17B300C1834008D5904 /* PBXFileSystemSynchronizedBuildFileExceptionSet */, ); explicitFileTypes = {}; explicitFolders = (); path = PustakamBookWidget; sourceTree = "<group>"; };
/* End PBXFileSystemSynchronizedRootGroup section */

/* Begin PBXFrameworksBuildPhase section */
		22A0C165300C1834008D5904 /* Frameworks */ = {
			isa = PBXFrameworksBuildPhase;
			buildActionMask = 2147483647;
			files = (
				22A0C16C300C1834008D5904 /* SwiftUI.framework in Frameworks */,
				22A0C16A300C1834008D5904 /* WidgetKit.framework in Frameworks */,
			);
			runOnlyForDeploymentPostprocessing = 0;
		};
		7555FF78242A565900829871 /* Frameworks */ = {
			isa = PBXFrameworksBuildPhase;
			buildActionMask = 2147483647;
			files = (
				22BC34F830081CBA00C9057D /* FirebaseCrashlytics in Frameworks */,
			);
			runOnlyForDeploymentPostprocessing = 0;
		};
/* End PBXFrameworksBuildPhase section */

/* Begin PBXGroup section */
		0000000022B2CB100000FFF0 /* blocks */ = {
			isa = PBXGroup;
			children = (
				0000000022B2CB100000000B /* TitleBlockView.swift */,
				22B2CF5000000000000000C2 /* GridSizing.swift */,
				22B2CE4000000000000000B2 /* VideoGridCell.swift */,
				0000000022B2CB100000000D /* ParagraphBlockView.swift */,
				0000000022B2CB100000010A /* RichParagraphBlockView.swift */,
				0000000022B2CB100000000F /* ImageGridBlockView.swift */,
				0000000022B2CB1000000011 /* ImageGridCell.swift */,
				0000000022B2CB1000000013 /* VideoGridBlockView.swift */,
				0000000022B2CB1000000015 /* AudioBlockView.swift */,
				0000000022B2CB1000000017 /* DocumentBlockView.swift */,
				0000000022B2CB1000000104 /* DocumentPageBlockView.swift */,
				0000000022B2CB1000000019 /* LinkBlockView.swift */,
				0000000022B2CB100000001B /* LocationBlockView.swift */,
			);
			path = blocks;
			sourceTree = "<group>";
		};
		2287BB31300E5C2A00F6D3E2 /* export */ = {
			isa = PBXGroup;
			children = (
				2287BB30300E5C2A00F6D3E2 /* NoteExporter.swift */,
			);
			path = export;
			sourceTree = "<group>";
		};
		2287BB403010149800F6D3E2 /* cards */ = {
			isa = PBXGroup;
			children = (
				2287BB45301014FF00F6D3E2 /* ContinueReadingCard.swift */,
				2287BB43301014C500F6D3E2 /* QuickActionCard.swift */,
				2287BB413010149D00F6D3E2 /* FolderItem.swift */,
			);
			path = cards;
			sourceTree = "<group>";
		};
		228AE4A030012F5100F53C82 /* bridge */ = {
			isa = PBXGroup;
			children = (
				CHA709BE374CAF508DF9A9EC /* chat */,
				228AE4B230013AB000F53C82 /* auth */,
				228AE4A130012F9400F53C82 /* notes */,
				228AE49E30012F2D00F53C82 /* UiState.swift */,
				22EAC3293011603000EB8A80 /* reader */,
			);
			path = bridge;
			sourceTree = "<group>";
		};
		228AE4A130012F9400F53C82 /* notes */ = {
			isa = PBXGroup;
			children = (
				228AE4A230012F9A00F53C82 /* NotesBridgeAdapter.swift */,
				221C1D6A302E13F300A65C6F /* CanvasBridgeAdapter.swift */,
			);
			path = notes;
			sourceTree = "<group>";
		};
		228AE4B230013AB000F53C82 /* auth */ = {
			isa = PBXGroup;
			children = (
				228AE4B030013AA100F53C82 /* AuthBridgeAdapter.swift */,
				AACE922B4704016D801FAFDB /* ProfileBridgeAdapter.swift */,
			);
			path = auth;
			sourceTree = "<group>";
		};
		22A0ABB6301B417F00B2817C /* config */ = {
			isa = PBXGroup;
			children = (
				22A0ABB7301B418C00B2817C /* screen */,
			);
			path = config;
			sourceTree = "<group>";
		};
		22A0ABB7301B418C00B2817C /* screen */ = {
			isa = PBXGroup;
			children = (
				22A0ABBA301B41D500B2817C /* OrientationLock.swift */,
				22A0ABB8301B419400B2817C /* OrientationManager.swift */,
			);
			path = screen;
			sourceTree = "<group>";
		};
		22A0C183300C19CB008D5904 /* document */ = {
			isa = PBXGroup;
			children = (
				22A0C188300C2A7F008D5904 /* InlineBookFileView.swift */,
				22A0C182300C19CB008D5904 /* DocumentFileCardView.swift */,
			);
			path = document;
			sourceTree = "<group>";
		};
		22A0C18B300C2B01008D5904 /* zoom */ = {
			isa = PBXGroup;
			children = (
				22A0C18A300C2B01008D5904 /* ZoomableView.swift */,
			);
			path = zoom;
			sourceTree = "<group>";
		};
		22B2CA5E30119961002AD701 /* bookReader */ = {
			isa = PBXGroup;
			children = (
				22B2CA5D30119961002AD701 /* BookReaderView.swift */,
				0000000022B2CB1000000001 /* ReaderBlockView.swift */,
				0000000022B2CB1000000102 /* InlineDocuments.swift */,
				0000000022B2CB1000000003 /* ReaderPageView.swift */,
				0000000022B2CB1000000005 /* ReaderScrollView.swift */,
				0000000022B2CB1000000007 /* ReaderPageOffsetKey.swift */,
				0000000022B2CB1000000009 /* ReaderPageCurlView.swift */,
				0000000022B2CB100000FFF0 /* blocks */,
				22B2CB0230119961002AD701 /* NoteBookReaderView.swift */,
			);
			path = bookReader;
			sourceTree = "<group>";
		};
		22B2CA6030119961002AD701 /* home */ = {
			isa = PBXGroup;
			children = (
				22B2CA5F30119961002AD701 /* HomeView.swift */,
			);
			path = home;
			sourceTree = "<group>";
		};
		22B2CA6230119961002AD701 /* login */ = {
			isa = PBXGroup;
			children = (
				22B2CA6130119961002AD701 /* LoginView.swift */,
			);
			path = login;
			sourceTree = "<group>";
		};
		22B2CA6530119961002AD701 /* noteEditor */ = {
			isa = PBXGroup;
			children = (
				22B2CA6330119961002AD701 /* NoteEditorView.swift */,
				22B2CA6430119961002AD701 /* NoteEditorViewModel.swift */,
			);
			path = noteEditor;
			sourceTree = "<group>";
		};
		22B2CA6930119961002AD701 /* noteList */ = {
			isa = PBXGroup;
			children = (
				22B2CA6630119961002AD701 /* NoteBookView.swift */,
				22B2CA6730119961002AD701 /* NotesView.swift */,
				22B2CA6830119961002AD701 /* NotesViewModel.swift */,
			);
			path = noteList;
			sourceTree = "<group>";
		};
		22B2CA6A30119961002AD701 /* notes */ = {
			isa = PBXGroup;
			children = (
				22B2CA6530119961002AD701 /* noteEditor */,
				22B2CA6930119961002AD701 /* noteList */,
				22D196C130283E37000CF5F1 /* masterEditor */,
				22D196CA30283E37000CF5F1 /* editor */,
			);
			path = notes;
			sourceTree = "<group>";
		};
		22B2CA6C30119961002AD701 /* notification */ = {
			isa = PBXGroup;
			children = (
				22B2CA6B30119961002AD701 /* NotificationView.swift */,
			);
			path = notification;
			sourceTree = "<group>";
		};
		22B2CA6E30119961002AD701 /* routes */ = {
			isa = PBXGroup;
			children = (
				22B2CA6D30119961002AD701 /* Router.swift */,
			);
			path = routes;
			sourceTree = "<group>";
		};
		22B2CA7230119961002AD701 /* search */ = {
			isa = PBXGroup;
			children = (
				22B2CA6F30119961002AD701 /* SearchBar.swift */,
				22B2CA7030119961002AD701 /* SearchView.swift */,
				22B2CA7130119961002AD701 /* SearchViewModel.swift */,
			);
			path = search;
			sourceTree = "<group>";
		};
		22B2CA7430119961002AD701 /* settings */ = {
			isa = PBXGroup;
			children = (
				22B2CA7330119961002AD701 /* SettingsView.swift */,
			);
			path = settings;
			sourceTree = "<group>";
		};
		22B2CA7630119961002AD701 /* signup */ = {
			isa = PBXGroup;
			children = (
				22B2CA7530119961002AD701 /* SignupView.swift */,
			);
			path = signup;
			sourceTree = "<group>";
		};
		22B2CA7730119961002AD701 /* screens */ = {
			isa = PBXGroup;
			children = (
				CHA749DDC2B8A29B8FF949DC /* chat */,
				22B2CA5E30119961002AD701 /* bookReader */,
				22B2CA6030119961002AD701 /* home */,
				22B2CA6230119961002AD701 /* login */,
				22B2CA6A30119961002AD701 /* notes */,
				22B2CA6C30119961002AD701 /* notification */,
				22B2CA6E30119961002AD701 /* routes */,
				D538034E88359D9ABC5442B6 /* profile */,
				22B2CA7230119961002AD701 /* search */,
				22B2CA7430119961002AD701 /* settings */,
				22B2CA7630119961002AD701 /* signup */,
			);
			path = screens;
			sourceTree = "<group>";
		};
		22BC34F630081CBA00C9057D /* Frameworks */ = {
			isa = PBXGroup;
			children = (
				22A0C169300C1834008D5904 /* WidgetKit.framework */,
				22A0C16B300C1834008D5904 /* SwiftUI.framework */,
			);
			name = Frameworks;
			sourceTree = "<group>";
		};
		22D196BC30283E37000CF5F1 /* masterEditor */ = {
			isa = PBXGroup;
			children = (
				22D196B930283E37000CF5F1 /* MasterCanvas.swift */,
				22D196BA30283E37000CF5F1 /* MasterTextRenderer.swift */,
				0000000022B2CB1000000108 /* SmartTextDisplay.swift */,
				22D196BB30283E37000CF5F1 /* MasterTextWidget.swift */,
				22D196C830283E37000CF5F1 /* MasterTextSheets.swift */,
			);
			path = masterEditor;
			sourceTree = "<group>";
		};
		22D196C130283E37000CF5F1 /* masterEditor */ = {
			isa = PBXGroup;
			children = (
				22D196C230283E37000CF5F1 /* MasterEditorScreen.swift */,
				22D196C330283E37000CF5F1 /* MasterEditorViewModel.swift */,
			);
			path = masterEditor;
			sourceTree = "<group>";
		};
		22D196CA30283E37000CF5F1 /* editor */ = {
			isa = PBXGroup;
			children = (
				22D196CB30283E37000CF5F1 /* EditorCapabilityHost.swift */,
			);
			path = editor;
			sourceTree = "<group>";
		};
		22D1A0010001000000000003 /* media */ = {
			isa = PBXGroup;
			children = (
				22D1A0010001000000000001 /* MediaDownloadBar.swift */,
			);
			path = media;
			sourceTree = "<group>";
		};
		22EAC3293011603000EB8A80 /* reader */ = {
			isa = PBXGroup;
			children = (
				22EAC3283011603000EB8A80 /* ReaderPrefsAdapter.swift */,
			);
			path = reader;
			sourceTree = "<group>";
		};
		630BA17F2CF195EA00D148C8 /* location */ = {
			isa = PBXGroup;
			children = (
				6345BFB82CEF363100CC254C /* LocationPermission.swift */,
			);
			path = location;
			sourceTree = "<group>";
		};
		630BA1802CF195F700D148C8 /* microPhone */ = {
			isa = PBXGroup;
			children = (
				630BA1982CF50F8C00D148C8 /* AudioVisualizerView.swift */,
				630BA19A2CF5398000D148C8 /* AudioLevelsMonitor.swift */,
				630BA18A2CF2FD1B00D148C8 /* AudioRecorderView.swift */,
				630BA1842CF23DEA00D148C8 /* AudioRecoderHandler.swift */,
				6345BFB22CEF35AA00CC254C /* MicPermission.swift */,
			);
			path = microPhone;
			sourceTree = "<group>";
		};
		630BA1812CF1961500D148C8 /* stroage */ = {
			isa = PBXGroup;
			children = (
				6345BFB42CEF35D100CC254C /* StroagePermission.swift */,
			);
			path = stroage;
			sourceTree = "<group>";
		};
		6315C6302DBA649000796C7E /* media */ = {
			isa = PBXGroup;
			children = (
				63DF20122DBC59BF001E0EDE /* MediaControlledPlayer.swift */,
				63DF200A2DBC3698001E0EDE /* PlayerUiState.swift */,
				6315C6312DBA649900796C7E /* MediaManager.swift */,
			);
			path = media;
			sourceTree = "<group>";
		};
		63302FE42E54B80F0038B1FD /* tags */ = {
			isa = PBXGroup;
			children = (
				63302FE52E54B81A0038B1FD /* TagView.swift */,
			);
			path = tags;
			sourceTree = "<group>";
		};
		63302FE72E5519800038B1FD /* ui */ = {
			isa = PBXGroup;
			children = (
				63302FE82E5519860038B1FD /* Color.ext.swift */,
			);
			path = ui;
			sourceTree = "<group>";
		};
		6345BFAF2CEF357800CC254C /* hardware */ = {
			isa = PBXGroup;
			children = (
				2261696C3021FDEB00B49A04 /* PermissionGate.swift */,
				2261696A3021FDCE00B49A04 /* HardwareManager.swift */,
				630BA1812CF1961500D148C8 /* stroage */,
				630BA1802CF195F700D148C8 /* microPhone */,
				630BA17F2CF195EA00D148C8 /* location */,
				6345BFBC2CEF704900CC254C /* camera */,
			);
			path = hardware;
			sourceTree = "<group>";
		};
		6345BFBC2CEF704900CC254C /* camera */ = {
			isa = PBXGroup;
			children = (
				630BA17D2CF10ECF00D148C8 /* CameraPermission.swift */,
				630BA1772CF0CF9B00D148C8 /* CameraPreview.swift */,
				630BA1752CF0CF6A00D148C8 /* CameraCaptureView.swift */,
			);
			path = camera;
			sourceTree = "<group>";
		};
		634F659C2DA9CF5F00DD5142 /* alert */ = {
			isa = PBXGroup;
			children = (
				634F659D2DA9CF6900DD5142 /* AlertUseCase.swift */,
			);
			path = alert;
			sourceTree = "<group>";
		};
		635557432DC0731100C7D533 /* utils */ = {
			isa = PBXGroup;
			children = (
				635557442DC0732100C7D533 /* DateTime.swift */,
			);
			path = utils;
			sourceTree = "<group>";
		};
		63682AAE2CE9114D00425C35 /* StaggaredList */ = {
			isa = PBXGroup;
			children = (
				22B8109B301DC72200DAF43F /* GenericGrid.swift */,
				63682AAF2CE9116C00425C35 /* StaggeredGrid.swift */,
			);
			path = StaggaredList;
			sourceTree = "<group>";
		};
		639BBEF32CDC7B5200E0E00D /* loadingView */ = {
			isa = PBXGroup;
			children = (
				22A0C18D300C3BC4008D5904 /* BookLoadingAnimation.swift */,
				639BBEF42CDC7B6B00E0E00D /* LoadingUI.swift */,
			);
			path = loadingView;
			sourceTree = "<group>";
		};
		639BBEFA2CDD4A9100E0E00D /* extensions */ = {
			isa = PBXGroup;
			children = (
				63302FE72E5519800038B1FD /* ui */,
				635557432DC0731100C7D533 /* utils */,
				63C61C812DA848E7004F92CB /* String.ext.swift */,
				63AA02542D9C64EC0040E872 /* note */,
				630BA1862CF2657700D148C8 /* Date.ext.swift */,
				63C00BE22CEC839E00A4907C /* Any.ext.swift */,
				639BBEFB2CDD4A9B00E0E00D /* View.ext.swift */,
			);
			path = extensions;
			sourceTree = "<group>";
		};
		63A552992D91949300A9C006 /* theme */ = {
			isa = PBXGroup;
			children = (
				63A552972D91949300A9C006 /* ThemeManager.swift */,
				22EAC32330113C2400EB8A80 /* ThemeTilePicker.swift */,
				63A552982D91949300A9C006 /* Theme.swift */,
				22EAC32130113B4E00EB8A80 /* ThemePalette.swift */,
			);
			path = theme;
			sourceTree = "<group>";
		};
		63AA02542D9C64EC0040E872 /* note */ = {
			isa = PBXGroup;
			children = (
				63682AB12CE9336500425C35 /* Note.ext.swift */,
				63AA02522D9C647C0040E872 /* NoteContents.ext.swift */,
				22D196C630283E37000CF5F1 /* MasterEditor.ext.swift */,
			);
			path = note;
			sourceTree = "<group>";
		};
		63C00BE42CEC924C00A4907C /* button */ = {
			isa = PBXGroup;
			children = (
				22D0B516301F3C1D00BF1F4C /* CardActionsButton.swift */,
				636341012F016B8C003835E4 /* FormattingToolbar.swift */,
				63FDAFC92D96DFA50067169C /* ActionButtonWithoutBackground.swift */,
				63C00BEE2CECC6F300A4907C /* ActionButton.swift */,
				63C00BE52CEC925300A4907C /* BackButton.swift */,
			);
			path = button;
			sourceTree = "<group>";
		};
		63C00BE72CEC941B00A4907C /* canvas */ = {
			isa = PBXGroup;
			children = (
				63C00BE82CEC942500A4907C /* RulledPage.swift */,
			);
			path = canvas;
			sourceTree = "<group>";
		};
		63CFB91D2DB6CB8E00093C96 /* sections */ = {
			isa = PBXGroup;
			children = (
				63C00BEC2CECC4E800A4907C /* OverlayEditorButtons.swift */,
			);
			path = sections;
			sourceTree = "<group>";
		};
		63CFB91E2DB6F68200093C96 /* file */ = {
			isa = PBXGroup;
			children = (
				22A0C180300C18FF008D5904 /* FileImportService.swift */,
				63CFB91F2DB6F69000093C96 /* FileOps.swift */,
			);
			path = file;
			sourceTree = "<group>";
		};
		63CFB9252DB7261E00093C96 /* video */ = {
			isa = PBXGroup;
			children = (
				63DF20102DBC5969001E0EDE /* SystemControlledPlayerView.swift */,
				63CFB9232DB7260A00093C96 /* VideoCardView.swift */,
			);
			path = video;
			sourceTree = "<group>";
		};
		63CFB9262DB8CFA600093C96 /* audio */ = {
			isa = PBXGroup;
			children = (
				630BA1822CF1F55800D148C8 /* AudioPlayingView.swift */,
			);
			path = audio;
			sourceTree = "<group>";
		};
		63D089152CABD616008FD8CC /* view */ = {
			isa = PBXGroup;
			children = (
				22B2CA7730119961002AD701 /* screens */,
				63D089182CABD636008FD8CC /* widgets */,
			);
			path = view;
			sourceTree = "<group>";
		};
		63D089182CABD636008FD8CC /* widgets */ = {
			isa = PBXGroup;
			children = (
				CHA75E25284098CD008FB039 /* chat */,
				2287BB403010149800F6D3E2 /* cards */,
				22A0C18B300C2B01008D5904 /* zoom */,
				22A0C183300C19CB008D5904 /* document */,
				22D1A0010001000000000003 /* media */,
				63D2A6452E5C898300FCF4A7 /* colorSelector */,
				63302FE42E54B80F0038B1FD /* tags */,
				63CFB9262DB8CFA600093C96 /* audio */,
				63CFB9252DB7261E00093C96 /* video */,
				63CFB91D2DB6CB8E00093C96 /* sections */,
				634F659C2DA9CF5F00DD5142 /* alert */,
				63C00BE72CEC941B00A4907C /* canvas */,
				63C00BE42CEC924C00A4907C /* button */,
				63682AAE2CE9114D00425C35 /* StaggaredList */,
				639BBEF32CDC7B5200E0E00D /* loadingView */,
				63D089212CAC86EA008FD8CC /* imageview */,
				63D089202CAC85EF008FD8CC /* styles */,
				63D0891F2CAC85B4008FD8CC /* textfields */,
				8B023D68CAFE421A86322695 /* smartText */,
				22D196BC30283E37000CF5F1 /* masterEditor */,
			);
			path = widgets;
			sourceTree = "<group>";
		};
		63D0891F2CAC85B4008FD8CC /* textfields */ = {
			isa = PBXGroup;
			children = (
				636340FF2F012A1B003835E4 /* NoteTextField.swift */,
				63682AAC2CE9093C00425C35 /* NoteTextEditor.swift */,
			);
			path = textfields;
			sourceTree = "<group>";
		};
		63D089202CAC85EF008FD8CC /* styles */ = {
			isa = PBXGroup;
			children = (
				63D089262CAEA758008FD8CC /* SigninButton.swift */,
				63D089242CAC92CA008FD8CC /* OutlineTextfieldStyle.swift */,
			);
			path = styles;
			sourceTree = "<group>";
		};
		63D089212CAC86EA008FD8CC /* imageview */ = {
			isa = PBXGroup;
			children = (
				2287BB28300D69F800F6D3E2 /* ImagePreviewView.swift */,
				63CFB9212DB7107D00093C96 /* CardImageEditor.swift */,
				63D089222CAC870A008FD8CC /* AvatarImageView.swift */,
			);
			path = imageview;
			sourceTree = "<group>";
		};
		63D2A6452E5C898300FCF4A7 /* colorSelector */ = {
			isa = PBXGroup;
			children = (
				63D2A6472E5D9C5E00FCF4A7 /* HSVColorPicker.swift */,
				63D2A6422E5C890B00FCF4A7 /* ColorSelector.swift */,
			);
			path = colorSelector;
			sourceTree = "<group>";
		};
		63DE80E12CB6ADA900626E49 /* network */ = {
			isa = PBXGroup;
			children = (
				63DE80E42CB6AEFF00626E49 /* ErrorField.swift */,
				74C7FFD33144B8FB8262EEAD /* SyncController.swift */,
			);
			path = network;
			sourceTree = "<group>";
		};
		7555FF72242A565900829871 = {
			isa = PBXGroup;
			children = (
				7555FF7D242A565900829871 /* iosApp */,
				22A0C16D300C1834008D5904 /* PustakamBookWidget */,
				22BC34F630081CBA00C9057D /* Frameworks */,
				7555FF7C242A565900829871 /* Products */,
			);
			sourceTree = "<group>";
		};
		7555FF7C242A565900829871 /* Products */ = {
			isa = PBXGroup;
			children = (
				7555FF7B242A565900829871 /* iosApp.app */,
				22A0C168300C1834008D5904 /* PustakamBookWidgetExtension.appex */,
			);
			name = Products;
			sourceTree = "<group>";
		};
		7555FF7D242A565900829871 /* iosApp */ = {
			isa = PBXGroup;
			children = (
				22A0ABB6301B417F00B2817C /* config */,
				2287BB31300E5C2A00F6D3E2 /* export */,
				228AE4A030012F5100F53C82 /* bridge */,
				6315C6302DBA649000796C7E /* media */,
				63CFB91E2DB6F68200093C96 /* file */,
				63A552992D91949300A9C006 /* theme */,
				6345BFAF2CEF357800CC254C /* hardware */,
				639BBEFA2CDD4A9100E0E00D /* extensions */,
				63DE80E12CB6ADA900626E49 /* network */,
				63D089152CABD616008FD8CC /* view */,
				058557BA273AAA24004C7B11 /* Assets.xcassets */,
				7555FF82242A565900829871 /* ContentView.swift */,
				7555FF8C242A565B00829871 /* Info.plist */,
				2152FB032600AC8F00CF470E /* iOSApp.swift */,
				22BC350030083CB400C9057D /* GoogleService-Info.plist */,
			);
			path = iosApp;
			sourceTree = "<group>";
		};
		8B023D68CAFE421A86322695 /* smartText */ = {
			isa = PBXGroup;
			children = (
				FEAD1FB8676E463C87126315 /* SmartTextTokens.swift */,
				9348CB7296064B919C59882E /* SmartTextStyleMapper.swift */,
				781DC0213FDD4E898994B140 /* SmartTextStore.swift */,
				D56641EA9DFE4226B27A9866 /* SmartTextEditorView.swift */,
				7EE6C8D4164A4F368A2458A0 /* SmartTextBlockView.swift */,
				E7555D355DB041B79F274266 /* SmartTextToolbars.swift */,
				F5A6249BEECE480894E43F9D /* SmartTextSheets.swift */,
				475FA9AFF07B4000B329B496 /* SmartTextWidget.swift */,
			);
			path = smartText;
			sourceTree = "<group>";
		};
		CHA709BE374CAF508DF9A9EC /* chat */ = {
			isa = PBXGroup;
			children = (
				CHA7FEE119E7BCAF0460FA94 /* ChatBridgeAdapter.swift */,
			);
			path = chat;
			sourceTree = "<group>";
		};
		CHA749DDC2B8A29B8FF949DC /* chat */ = {
			isa = PBXGroup;
			children = (
				CHA7956A2FD46FEF0F3B8755 /* ChatViewModel.swift */,
				CHA7BBBB3F0A20540D2B81B3 /* ChatListViewModel.swift */,
				CHA741DEB197311252DD3E1F /* ChatScreenView.swift */,
				CHA738250624138F40135B64 /* ChatListView.swift */,
				CHA7903B9A2228941AF23E43 /* ChatSessionModel.swift */,
			);
			path = chat;
			sourceTree = "<group>";
		};
		CHA75E25284098CD008FB039 /* chat */ = {
			isa = PBXGroup;
			children = (
				CHA7427E43BF330F24C40BE8 /* ChatAttachmentsView.swift */,
				CHA7155BC8E036BA297EF297 /* ChatMessageBubbleView.swift */,
				CHA7665300500350AE5A4C5D /* ChatComposerView.swift */,
				CHA75FE83A718DAF4F53B2D7 /* ChatWidgetView.swift */,
				CHA79486903217B145B54459 /* ChatConversationRowView.swift */,
				CHA7934B7B179B1059A115CF /* ChatFormatting.swift */,
			);
			path = chat;
			sourceTree = "<group>";
		};
		D538034E88359D9ABC5442B6 /* profile */ = {
			isa = PBXGroup;
			children = (
				69C00AB44392C4019E645116 /* ProfileViewModel.swift */,
				3257236F69D2A370555B3045 /* ProfileView.swift */,
				226FFEFA8B10B38EE4559E41 /* UsernameSheetView.swift */,
			);
			path = profile;
			sourceTree = "<group>";
		};
/* End PBXGroup section */

/* Begin PBXNativeTarget section */
		22A0C167300C1834008D5904 /* PustakamBookWidgetExtension */ = {
			isa = PBXNativeTarget;
			buildConfigurationList = 22A0C17C300C1834008D5904 /* Build configuration list for PBXNativeTarget "PustakamBookWidgetExtension" */;
			buildPhases = (
				22A0C164300C1834008D5904 /* Sources */,
				22A0C165300C1834008D5904 /* Frameworks */,
				22A0C166300C1834008D5904 /* Resources */,
			);
			buildRules = (
			);
			dependencies = (
			);
			fileSystemSynchronizedGroups = (
				22A0C16D300C1834008D5904 /* PustakamBookWidget */,
			);
			name = PustakamBookWidgetExtension;
			packageProductDependencies = (
			);
			productName = PustakamBookWidgetExtension;
			productReference = 22A0C168300C1834008D5904 /* PustakamBookWidgetExtension.appex */;
			productType = "com.apple.product-type.app-extension";
		};
		7555FF7A242A565900829871 /* iosApp */ = {
			isa = PBXNativeTarget;
			buildConfigurationList = 7555FFA5242A565B00829871 /* Build configuration list for PBXNativeTarget "iosApp" */;
			buildPhases = (
				7555FFB5242A651A00829871 /* ShellScript */,
				7555FF77242A565900829871 /* Sources */,
				7555FF78242A565900829871 /* Frameworks */,
				7555FF79242A565900829871 /* Resources */,
				7555FFB4242A642300829871 /* Embed Frameworks */,
				22A0C178300C1834008D5904 /* Embed Foundation Extensions */,
				22BC34F930081F0A00C9057D /* ShellScript */,
			);
			buildRules = (
			);
			dependencies = (
				22A0C176300C1834008D5904 /* PBXTargetDependency */,
			);
			name = iosApp;
			productName = iosApp;
			productReference = 7555FF7B242A565900829871 /* iosApp.app */;
			productType = "com.apple.product-type.application";
		};
/* End PBXNativeTarget section */

/* Begin PBXProject section */
		7555FF73242A565900829871 /* Project object */ = {
			isa = PBXProject;
			attributes = {
				BuildIndependentTargetsInParallel = YES;
				LastSwiftUpdateCheck = 2660;
				LastUpgradeCheck = 2660;
				ORGANIZATIONNAME = orgName;
				TargetAttributes = {
					22A0C167300C1834008D5904 = {
						CreatedOnToolsVersion = 26.6;
					};
					7555FF7A242A565900829871 = {
						CreatedOnToolsVersion = 11.3.1;
					};
				};
			};
			buildConfigurationList = 7555FF76242A565900829871 /* Build configuration list for PBXProject "iosApp" */;
			compatibilityVersion = "Xcode 9.3";
			developmentRegion = en;
			hasScannedForEncodings = 0;
			knownRegions = (
				en,
				Base,
			);
			mainGroup = 7555FF72242A565900829871;
			packageReferences = (
				22BC34F530081CAF00C9057D /* XCRemoteSwiftPackageReference "firebase-ios-sdk" */,
			);
			productRefGroup = 7555FF7C242A565900829871 /* Products */;
			projectDirPath = "";
			projectRoot = "";
			targets = (
				7555FF7A242A565900829871 /* iosApp */,
				22A0C167300C1834008D5904 /* PustakamBookWidgetExtension */,
			);
		};
/* End PBXProject section */

/* Begin PBXResourcesBuildPhase section */
		22A0C166300C1834008D5904 /* Resources */ = {
			isa = PBXResourcesBuildPhase;
			buildActionMask = 2147483647;
			files = (
			);
			runOnlyForDeploymentPostprocessing = 0;
		};
		7555FF79242A565900829871 /* Resources */ = {
			isa = PBXResourcesBuildPhase;
			buildActionMask = 2147483647;
			files = (
				058557BB273AAA24004C7B11 /* Assets.xcassets in Resources */,
				22BC350130083CB400C9057D /* GoogleService-Info.plist in Resources */,
			);
			runOnlyForDeploymentPostprocessing = 0;
		};
/* End PBXResourcesBuildPhase section */

/* Begin PBXShellScriptBuildPhase section */
		22BC34F930081F0A00C9057D /* ShellScript */ = {
			isa = PBXShellScriptBuildPhase;
			buildActionMask = 2147483647;
			files = (
			);
			inputFileListPaths = (
			);
			inputPaths = (
				"${DWARF_DSYM_FOLDER_PATH}/${DWARF_DSYM_FILE_NAME}",
				"${DWARF_DSYM_FOLDER_PATH}/${DWARF_DSYM_FILE_NAME}/Contents/Resources/DWARF/${PRODUCT_NAME}",
				"${DWARF_DSYM_FOLDER_PATH}/${DWARF_DSYM_FILE_NAME}/Contents/Info.plist",
				"$(TARGET_BUILD_DIR)/$(UNLOCALIZED_RESOURCES_FOLDER_PATH)/GoogleService-Info.plist",
				"$(TARGET_BUILD_DIR)/$(EXECUTABLE_PATH)",
				"${DWARF_DSYM_FOLDER_PATH}/${DWARF_DSYM_FILE_NAME}/Contents/Resources/DWARF/${PRODUCT_NAME}.debug.dylib",
			);
			outputFileListPaths = (
			);
			outputPaths = (
			);
			runOnlyForDeploymentPostprocessing = 0;
			shellPath = /bin/sh;
			shellScript = "# Type a script or drag a script file from your workspace to insert its path.\n\"${BUILD_DIR%/Build/*}/SourcePackages/checkouts/firebase-ios-sdk/Crashlytics/run\"\n";
		};
		7555FFB5242A651A00829871 /* ShellScript */ = {
			isa = PBXShellScriptBuildPhase;
			buildActionMask = 2147483647;
			files = (
			);
			inputFileListPaths = (
			);
			inputPaths = (
			);
			outputFileListPaths = (
			);
			outputPaths = (
			);
			runOnlyForDeploymentPostprocessing = 0;
			shellPath = /bin/sh;
			shellScript = "if [ \"YES\" = \"$OVERRIDE_KOTLIN_BUILD_IDE_SUPPORTED\" ]; then\n  echo \"Skipping Gradle build task invocation due to OVERRIDE_KOTLIN_BUILD_IDE_SUPPORTED environment variable set to \\\"YES\\\"\"\n  exit 0\nfi\ncd \"$SRCROOT/..\"\n./gradlew :shared:embedAndSignAppleFrameworkForXcode\n";
		};
/* End PBXShellScriptBuildPhase section */

/* Begin PBXSourcesBuildPhase section */
		22A0C164300C1834008D5904 /* Sources */ = {
			isa = PBXSourcesBuildPhase;
			buildActionMask = 2147483647;
			files = (
			);
			runOnlyForDeploymentPostprocessing = 0;
		};
		7555FF77242A565900829871 /* Sources */ = {
			isa = PBXSourcesBuildPhase;
			buildActionMask = 2147483647;
			files = (
				CHA741F291FD65A3BB7FDDA0 /* ChatBridgeAdapter.swift in Sources */,
				CHA71068F98FE5834C5C6417 /* ChatViewModel.swift in Sources */,
				CHA75DC037908396154DE257 /* ChatListViewModel.swift in Sources */,
				CHA796F2D0159E7296F2C223 /* ChatScreenView.swift in Sources */,
				CHA79B0C55C04ACC1D99759A /* ChatListView.swift in Sources */,
				CHA76D0D7AF284D688EC617D /* ChatSessionModel.swift in Sources */,
				CHA72A8330A857A4ED00F835 /* ChatAttachmentsView.swift in Sources */,
				CHA7410E984FD2FB432FCE9D /* ChatMessageBubbleView.swift in Sources */,
				CHA7550CC6BB9021F30BCA85 /* ChatComposerView.swift in Sources */,
				CHA7D8F6940A6D017E74EDFF /* ChatWidgetView.swift in Sources */,
				CHA7FD86D538EDD5BB2E7F72 /* ChatConversationRowView.swift in Sources */,
				CHA7E31E6858281D8D21105C /* ChatFormatting.swift in Sources */,
				63682AB22CE9337400425C35 /* Note.ext.swift in Sources */,
				22D196C730283E37000CF5F1 /* MasterEditor.ext.swift in Sources */,
				630BA1762CF0CF7700D148C8 /* CameraCaptureView.swift in Sources */,
				636341022F016B8C003835E4 /* FormattingToolbar.swift in Sources */,
				22A0C18C300C2B01008D5904 /* ZoomableView.swift in Sources */,
				22EAC32A3011603000EB8A80 /* ReaderPrefsAdapter.swift in Sources */,
				630BA17E2CF10ED800D148C8 /* CameraPermission.swift in Sources */,
				63AA02532D9C64860040E872 /* NoteContents.ext.swift in Sources */,
				22A0C184300C19CB008D5904 /* DocumentFileCardView.swift in Sources */,
				22D1A0010001000000000002 /* MediaDownloadBar.swift in Sources */,
				63D089272CAEA758008FD8CC /* SigninButton.swift in Sources */,
				63CFB9202DB6F6E300093C96 /* FileOps.swift in Sources */,
				63D089252CAC92CA008FD8CC /* OutlineTextfieldStyle.swift in Sources */,
				630BA1782CF0CFA800D148C8 /* CameraPreview.swift in Sources */,
				228AE4A330012F9A00F53C82 /* NotesBridgeAdapter.swift in Sources */,
				228AE4B130013AAA00F53C82 /* AuthBridgeAdapter.swift in Sources */,
				BF6E4476323949B146F6EB0F /* ProfileBridgeAdapter.swift in Sources */,
				F5714A67668130981750B276 /* ProfileViewModel.swift in Sources */,
				CA75D91CDD8B2D887BE97063 /* ProfileView.swift in Sources */,
				660BC8A75E41785212367C36 /* UsernameSheetView.swift in Sources */,
				639BBEFC2CDD4AA400E0E00D /* View.ext.swift in Sources */,
				630BA1872CF2658000D148C8 /* Date.ext.swift in Sources */,
				63CFB9222DB7109A00093C96 /* CardImageEditor.swift in Sources */,
				63302FE62E54B8270038B1FD /* TagView.swift in Sources */,
				63D2A6482E5D9C5E00FCF4A7 /* HSVColorPicker.swift in Sources */,
				63D089232CAC870A008FD8CC /* AvatarImageView.swift in Sources */,
				63DF20132DBC59BF001E0EDE /* MediaControlledPlayer.swift in Sources */,
				63CFB9242DB7261800093C96 /* VideoCardView.swift in Sources */,
				63682AB02CE9118700425C35 /* StaggeredGrid.swift in Sources */,
				63C00BE62CEC925900A4907C /* BackButton.swift in Sources */,
				1561086F4A784128BB5AA95B /* SmartTextTokens.swift in Sources */,
				A5B04FE8D4D3479BAF878384 /* SmartTextStyleMapper.swift in Sources */,
				344D74CFD4DB40D4A7B8F49D /* SmartTextStore.swift in Sources */,
				0167B273031742A1841BBEC6 /* SmartTextEditorView.swift in Sources */,
				0EBA77A6057B4265B2A98CA6 /* SmartTextBlockView.swift in Sources */,
				5DBDE3D4629F459E9A7D74BA /* SmartTextToolbars.swift in Sources */,
				312388B88A39484490DE82AB /* SmartTextSheets.swift in Sources */,
				1594266FF2D04FC4880FA22F /* SmartTextWidget.swift in Sources */,
				636341002F012A1B003835E4 /* NoteTextField.swift in Sources */,
				22EAC32230113B4E00EB8A80 /* ThemePalette.swift in Sources */,
				639BBEF52CDC7B7500E0E00D /* LoadingUI.swift in Sources */,
				228AE49F30012F2D00F53C82 /* UiState.swift in Sources */,
				63302FE92E55198D0038B1FD /* Color.ext.swift in Sources */,
				22D196BD30283E37000CF5F1 /* MasterTextWidget.swift in Sources */,
				22D196CC30283E37000CF5F1 /* EditorCapabilityHost.swift in Sources */,
				22D196C930283E37000CF5F1 /* MasterTextSheets.swift in Sources */,
				22D196C430283E37000CF5F1 /* MasterEditorScreen.swift in Sources */,
				22D196C530283E37000CF5F1 /* MasterEditorViewModel.swift in Sources */,
				22D196BE30283E37000CF5F1 /* MasterTextRenderer.swift in Sources */,
				0000000022B2CB1000000107 /* SmartTextDisplay.swift in Sources */,
				22D196BF30283E37000CF5F1 /* MasterCanvas.swift in Sources */,
				63A5529A2D91949300A9C006 /* ThemeManager.swift in Sources */,
				22B8109C301DC72200DAF43F /* GenericGrid.swift in Sources */,
				63DF200B2DBC3698001E0EDE /* PlayerUiState.swift in Sources */,
				63A5529B2D91949300A9C006 /* Theme.swift in Sources */,
				63682AAD2CE9094C00425C35 /* NoteTextEditor.swift in Sources */,
				22A0C18E300C3BC4008D5904 /* BookLoadingAnimation.swift in Sources */,
				6315C6322DBA649F00796C7E /* MediaManager.swift in Sources */,
				22A0ABB9301B419400B2817C /* OrientationManager.swift in Sources */,
				2287BB29300D69F800F6D3E2 /* ImagePreviewView.swift in Sources */,
				63C00BE92CEC945900A4907C /* RulledPage.swift in Sources */,
				63C00BEF2CECC6FF00A4907C /* ActionButton.swift in Sources */,
				2287BB44301014C500F6D3E2 /* QuickActionCard.swift in Sources */,
				22EAC32430113C2400EB8A80 /* ThemeTilePicker.swift in Sources */,
				63C00BED2CECC51900A4907C /* OverlayEditorButtons.swift in Sources */,
				63C61C822DA848EE004F92CB /* String.ext.swift in Sources */,
				6345BFB52CEF35E400CC254C /* StroagePermission.swift in Sources */,
				630BA18B2CF2FD1B00D148C8 /* AudioRecorderView.swift in Sources */,
				630BA19B2CF5398000D148C8 /* AudioLevelsMonitor.swift in Sources */,
				63DF20112DBC5969001E0EDE /* SystemControlledPlayerView.swift in Sources */,
				630BA1832CF1F57800D148C8 /* AudioPlayingView.swift in Sources */,
				6345BFB32CEF35B900CC254C /* MicPermission.swift in Sources */,
				22A0C181300C18FF008D5904 /* FileImportService.swift in Sources */,
				6345BFB92CEF363A00CC254C /* LocationPermission.swift in Sources */,
				63FDAFCA2D96DFBC0067169C /* ActionButtonWithoutBackground.swift in Sources */,
				63DE80E52CB6AEFF00626E49 /* ErrorField.swift in Sources */,
				65D436ABFDB7B24C33FA4D9C /* SyncController.swift in Sources */,
				635557452DC0732700C7D533 /* DateTime.swift in Sources */,
				634F659E2DA9CF7F00DD5142 /* AlertUseCase.swift in Sources */,
				2287BB423010149D00F6D3E2 /* FolderItem.swift in Sources */,
				63C00BE32CEC83A900A4907C /* Any.ext.swift in Sources */,
				630BA1992CF50F8C00D148C8 /* AudioVisualizerView.swift in Sources */,
				630BA1852CF23E0700D148C8 /* AudioRecoderHandler.swift in Sources */,
				22A0C189300C2A7F008D5904 /* InlineBookFileView.swift in Sources */,
				2287BB46301014FF00F6D3E2 /* ContinueReadingCard.swift in Sources */,
				2152FB042600AC8F00CF470E /* iOSApp.swift in Sources */,
				2287BB32300E5C2A00F6D3E2 /* NoteExporter.swift in Sources */,
				2261696B3021FDCE00B49A04 /* HardwareManager.swift in Sources */,
				22B2CA7830119961002AD701 /* NotificationView.swift in Sources */,
				22B2CA7930119961002AD701 /* HomeView.swift in Sources */,
				22B2CA7A30119961002AD701 /* LoginView.swift in Sources */,
				22D0B517301F3C1D00BF1F4C /* CardActionsButton.swift in Sources */,
				221C1D6B302E13F300A65C6F /* CanvasBridgeAdapter.swift in Sources */,
				22B2CA7B30119961002AD701 /* NotesView.swift in Sources */,
				22B2CA7C30119961002AD701 /* BookReaderView.swift in Sources */,
				22B2CF5000000000000000C1 /* GridSizing.swift in Sources */,
				22B2CE4000000000000000B1 /* VideoGridCell.swift in Sources */,
				0000000022B2CB1000000000 /* ReaderBlockView.swift in Sources */,
				0000000022B2CB1000000101 /* InlineDocuments.swift in Sources */,
				0000000022B2CB1000000002 /* ReaderPageView.swift in Sources */,
				0000000022B2CB1000000004 /* ReaderScrollView.swift in Sources */,
				0000000022B2CB1000000006 /* ReaderPageOffsetKey.swift in Sources */,
				0000000022B2CB1000000008 /* ReaderPageCurlView.swift in Sources */,
				0000000022B2CB100000000A /* TitleBlockView.swift in Sources */,
				0000000022B2CB100000000C /* ParagraphBlockView.swift in Sources */,
				0000000022B2CB1000000109 /* RichParagraphBlockView.swift in Sources */,
				0000000022B2CB100000000E /* ImageGridBlockView.swift in Sources */,
				0000000022B2CB1000000010 /* ImageGridCell.swift in Sources */,
				0000000022B2CB1000000012 /* VideoGridBlockView.swift in Sources */,
				0000000022B2CB1000000014 /* AudioBlockView.swift in Sources */,
				0000000022B2CB1000000016 /* DocumentBlockView.swift in Sources */,
				0000000022B2CB1000000103 /* DocumentPageBlockView.swift in Sources */,
				0000000022B2CB1000000018 /* LinkBlockView.swift in Sources */,
				0000000022B2CB100000001A /* LocationBlockView.swift in Sources */,
				22B2CB0130119961002AD701 /* NoteBookReaderView.swift in Sources */,
				22B2CA7D30119961002AD701 /* SignupView.swift in Sources */,
				22B2CA7E30119961002AD701 /* SettingsView.swift in Sources */,
				2261696D3021FDEB00B49A04 /* PermissionGate.swift in Sources */,
				22B2CA7F30119961002AD701 /* SearchView.swift in Sources */,
				22B2CA8030119961002AD701 /* NoteBookView.swift in Sources */,
				22B2CA8130119961002AD701 /* NoteEditorViewModel.swift in Sources */,
				22B2CA8230119961002AD701 /* NoteEditorView.swift in Sources */,
				22B2CA8330119961002AD701 /* Router.swift in Sources */,
				22B2CA8430119961002AD701 /* SearchViewModel.swift in Sources */,
				22B2CA8530119961002AD701 /* NotesViewModel.swift in Sources */,
				22A0ABBB301B41D500B2817C /* OrientationLock.swift in Sources */,
				22B2CA8630119961002AD701 /* SearchBar.swift in Sources */,
				7555FF83242A565900829871 /* ContentView.swift in Sources */,
				63D2A6432E5C890B00FCF4A7 /* ColorSelector.swift in Sources */,
			);
			runOnlyForDeploymentPostprocessing = 0;
		};
/* End PBXSourcesBuildPhase section */

/* Begin PBXTargetDependency section */
		22A0C176300C1834008D5904 /* PBXTargetDependency */ = {
			isa = PBXTargetDependency;
			target = 22A0C167300C1834008D5904 /* PustakamBookWidgetExtension */;
			targetProxy = 22A0C175300C1834008D5904 /* PBXContainerItemProxy */;
		};
/* End PBXTargetDependency section */

/* Begin XCBuildConfiguration section */
		22A0C179300C1834008D5904 /* Debug */ = {
			isa = XCBuildConfiguration;
			buildSettings = {
				ASSETCATALOG_COMPILER_GENERATE_SWIFT_ASSET_SYMBOL_EXTENSIONS = YES;
				ASSETCATALOG_COMPILER_GLOBAL_ACCENT_COLOR_NAME = AccentColor;
				ASSETCATALOG_COMPILER_WIDGET_BACKGROUND_COLOR_NAME = WidgetBackground;
				CLANG_CXX_LANGUAGE_STANDARD = "gnu++20";
				CODE_SIGN_STYLE = Automatic;
				CURRENT_PROJECT_VERSION = 1;
				DEBUG_INFORMATION_FORMAT = dwarf;
				ENABLE_USER_SCRIPT_SANDBOXING = YES;
				GCC_C_LANGUAGE_STANDARD = gnu17;
				GENERATE_INFOPLIST_FILE = YES;
				INFOPLIST_FILE = PustakamBookWidget/Info.plist;
				INFOPLIST_KEY_CFBundleDisplayName = PustakamBookWidget;
				INFOPLIST_KEY_NSHumanReadableCopyright = "Copyright © 2026 orgName. All rights reserved.";
				IPHONEOS_DEPLOYMENT_TARGET = 26.5;
				LD_RUNPATH_SEARCH_PATHS = (
					"$(inherited)",
					"@executable_path/Frameworks",
					"@executable_path/../../Frameworks",
				);
				LOCALIZATION_PREFERS_STRING_CATALOGS = YES;
				MARKETING_VERSION = 1.0;
				PRODUCT_BUNDLE_IDENTIFIER = com.app.pustakam.iosApp.PustakamBookWidget;
				PRODUCT_NAME = "$(TARGET_NAME)";
				SKIP_INSTALL = YES;
				STRING_CATALOG_GENERATE_SYMBOLS = YES;
				SWIFT_ACTIVE_COMPILATION_CONDITIONS = "DEBUG $(inherited)";
				SWIFT_APPROACHABLE_CONCURRENCY = YES;
				SWIFT_EMIT_LOC_STRINGS = YES;
				SWIFT_UPCOMING_FEATURE_MEMBER_IMPORT_VISIBILITY = YES;
				SWIFT_VERSION = 5.0;
				TARGETED_DEVICE_FAMILY = "1,2";
			};
			name = Debug;
		};
		22A0C17A300C1834008D5904 /* Release */ = {
			isa = XCBuildConfiguration;
			buildSettings = {
				ASSETCATALOG_COMPILER_GENERATE_SWIFT_ASSET_SYMBOL_EXTENSIONS = YES;
				ASSETCATALOG_COMPILER_GLOBAL_ACCENT_COLOR_NAME = AccentColor;
				ASSETCATALOG_COMPILER_WIDGET_BACKGROUND_COLOR_NAME = WidgetBackground;
				CLANG_CXX_LANGUAGE_STANDARD = "gnu++20";
				CODE_SIGN_STYLE = Automatic;
				CURRENT_PROJECT_VERSION = 1;
				ENABLE_USER_SCRIPT_SANDBOXING = YES;
				GCC_C_LANGUAGE_STANDARD = gnu17;
				GENERATE_INFOPLIST_FILE = YES;
				INFOPLIST_FILE = PustakamBookWidget/Info.plist;
				INFOPLIST_KEY_CFBundleDisplayName = PustakamBookWidget;
				INFOPLIST_KEY_NSHumanReadableCopyright = "Copyright © 2026 orgName. All rights reserved.";
				IPHONEOS_DEPLOYMENT_TARGET = 26.5;
				LD_RUNPATH_SEARCH_PATHS = (
					"$(inherited)",
					"@executable_path/Frameworks",
					"@executable_path/../../Frameworks",
				);
				LOCALIZATION_PREFERS_STRING_CATALOGS = YES;
				MARKETING_VERSION = 1.0;
				PRODUCT_BUNDLE_IDENTIFIER = com.app.pustakam.iosApp.PustakamBookWidget;
				PRODUCT_NAME = "$(TARGET_NAME)";
				SKIP_INSTALL = YES;
				STRING_CATALOG_GENERATE_SYMBOLS = YES;
				SWIFT_APPROACHABLE_CONCURRENCY = YES;
				SWIFT_EMIT_LOC_STRINGS = YES;
				SWIFT_UPCOMING_FEATURE_MEMBER_IMPORT_VISIBILITY = YES;
				SWIFT_VERSION = 5.0;
				TARGETED_DEVICE_FAMILY = "1,2";
			};
			name = Release;
		};
		7555FFA3242A565B00829871 /* Debug */ = {
			isa = XCBuildConfiguration;
			buildSettings = {
				ALLOW_TARGET_PLATFORM_SPECIALIZATION = YES;
				ALWAYS_SEARCH_USER_PATHS = NO;
				CLANG_ANALYZER_NONNULL = YES;
				CLANG_ANALYZER_NUMBER_OBJECT_CONVERSION = YES_AGGRESSIVE;
				CLANG_CXX_LANGUAGE_STANDARD = "gnu++14";
				CLANG_CXX_LIBRARY = "libc++";
				CLANG_ENABLE_MODULES = YES;
				CLANG_ENABLE_OBJC_ARC = YES;
				CLANG_ENABLE_OBJC_WEAK = YES;
				CLANG_WARN_BLOCK_CAPTURE_AUTORELEASING = YES;
				CLANG_WARN_BOOL_CONVERSION = YES;
				CLANG_WARN_COMMA = YES;
				CLANG_WARN_CONSTANT_CONVERSION = YES;
				CLANG_WARN_DEPRECATED_OBJC_IMPLEMENTATIONS = YES;
				CLANG_WARN_DIRECT_OBJC_ISA_USAGE = YES_ERROR;
				CLANG_WARN_DOCUMENTATION_COMMENTS = YES;
				CLANG_WARN_EMPTY_BODY = YES;
				CLANG_WARN_ENUM_CONVERSION = YES;
				CLANG_WARN_INFINITE_RECURSION = YES;
				CLANG_WARN_INT_CONVERSION = YES;
				CLANG_WARN_NON_LITERAL_NULL_CONVERSION = YES;
				CLANG_WARN_OBJC_IMPLICIT_RETAIN_SELF = YES;
				CLANG_WARN_OBJC_LITERAL_CONVERSION = YES;
				CLANG_WARN_OBJC_ROOT_CLASS = YES_ERROR;
				CLANG_WARN_QUOTED_INCLUDE_IN_FRAMEWORK_HEADER = YES;
				CLANG_WARN_RANGE_LOOP_ANALYSIS = YES;
				CLANG_WARN_STRICT_PROTOTYPES = YES;
				CLANG_WARN_SUSPICIOUS_MOVE = YES;
				CLANG_WARN_UNGUARDED_AVAILABILITY = YES_AGGRESSIVE;
				CLANG_WARN_UNREACHABLE_CODE = YES;
				CLANG_WARN__DUPLICATE_METHOD_MATCH = YES;
				COPY_PHASE_STRIP = NO;
				DEBUG_INFORMATION_FORMAT = "dwarf-with-dsym";
				DEVELOPMENT_TEAM = 6G4333N2D5;
				ENABLE_STRICT_OBJC_MSGSEND = YES;
				ENABLE_TESTABILITY = YES;
				ENABLE_USER_SCRIPT_SANDBOXING = NO;
				GCC_C_LANGUAGE_STANDARD = gnu11;
				GCC_DYNAMIC_NO_PIC = NO;
				GCC_NO_COMMON_BLOCKS = YES;
				GCC_OPTIMIZATION_LEVEL = 0;
				GCC_PREPROCESSOR_DEFINITIONS = (
					"DEBUG=1",
					"$(inherited)",
				);
				GCC_WARN_64_TO_32_BIT_CONVERSION = YES;
				GCC_WARN_ABOUT_RETURN_TYPE = YES_ERROR;
				GCC_WARN_UNDECLARED_SELECTOR = YES;
				GCC_WARN_UNINITIALIZED_AUTOS = YES_AGGRESSIVE;
				GCC_WARN_UNUSED_FUNCTION = YES;
				GCC_WARN_UNUSED_VARIABLE = YES;
				INFOPLIST_KEY_CFBundleDisplayName = Pustakm;
				IPHONEOS_DEPLOYMENT_TARGET = 18.0;
				MTL_ENABLE_DEBUG_INFO = INCLUDE_SOURCE;
				MTL_FAST_MATH = YES;
				ONLY_ACTIVE_ARCH = YES;
				OTHER_LDFLAGS = "";
				SDKROOT = iphoneos;
				STRING_CATALOG_GENERATE_SYMBOLS = YES;
				SWIFT_ACTIVE_COMPILATION_CONDITIONS = DEBUG;
				SWIFT_OPTIMIZATION_LEVEL = "-Onone";
				SWIFT_VERSION = 6.0;
				VALIDATE_PRODUCT = YES;
			};
			name = Debug;
		};
		7555FFA4242A565B00829871 /* Release */ = {
			isa = XCBuildConfiguration;
			buildSettings = {
				ALLOW_TARGET_PLATFORM_SPECIALIZATION = YES;
				ALWAYS_SEARCH_USER_PATHS = NO;
				CLANG_ANALYZER_NONNULL = YES;
				CLANG_ANALYZER_NUMBER_OBJECT_CONVERSION = YES_AGGRESSIVE;
				CLANG_CXX_LANGUAGE_STANDARD = "gnu++14";
				CLANG_CXX_LIBRARY = "libc++";
				CLANG_ENABLE_MODULES = YES;
				CLANG_ENABLE_OBJC_ARC = YES;
				CLANG_ENABLE_OBJC_WEAK = YES;
				CLANG_WARN_BLOCK_CAPTURE_AUTORELEASING = YES;
				CLANG_WARN_BOOL_CONVERSION = YES;
				CLANG_WARN_COMMA = YES;
				CLANG_WARN_CONSTANT_CONVERSION = YES;
				CLANG_WARN_DEPRECATED_OBJC_IMPLEMENTATIONS = YES;
				CLANG_WARN_DIRECT_OBJC_ISA_USAGE = YES_ERROR;
				CLANG_WARN_DOCUMENTATION_COMMENTS = YES;
				CLANG_WARN_EMPTY_BODY = YES;
				CLANG_WARN_ENUM_CONVERSION = YES;
				CLANG_WARN_INFINITE_RECURSION = YES;
				CLANG_WARN_INT_CONVERSION = YES;
				CLANG_WARN_NON_LITERAL_NULL_CONVERSION = YES;
				CLANG_WARN_OBJC_IMPLICIT_RETAIN_SELF = YES;
				CLANG_WARN_OBJC_LITERAL_CONVERSION = YES;
				CLANG_WARN_OBJC_ROOT_CLASS = YES_ERROR;
				CLANG_WARN_QUOTED_INCLUDE_IN_FRAMEWORK_HEADER = YES;
				CLANG_WARN_RANGE_LOOP_ANALYSIS = YES;
				CLANG_WARN_STRICT_PROTOTYPES = YES;
				CLANG_WARN_SUSPICIOUS_MOVE = YES;
				CLANG_WARN_UNGUARDED_AVAILABILITY = YES_AGGRESSIVE;
				CLANG_WARN_UNREACHABLE_CODE = YES;
				CLANG_WARN__DUPLICATE_METHOD_MATCH = YES;
				COPY_PHASE_STRIP = NO;
				DEBUG_INFORMATION_FORMAT = "dwarf-with-dsym";
				DEVELOPMENT_TEAM = 6G4333N2D5;
				ENABLE_NS_ASSERTIONS = NO;
				ENABLE_STRICT_OBJC_MSGSEND = YES;
				ENABLE_TESTABILITY = YES;
				ENABLE_USER_SCRIPT_SANDBOXING = NO;
				GCC_C_LANGUAGE_STANDARD = gnu11;
				GCC_NO_COMMON_BLOCKS = YES;
				GCC_WARN_64_TO_32_BIT_CONVERSION = YES;
				GCC_WARN_ABOUT_RETURN_TYPE = YES_ERROR;
				GCC_WARN_UNDECLARED_SELECTOR = YES;
				GCC_WARN_UNINITIALIZED_AUTOS = YES_AGGRESSIVE;
				GCC_WARN_UNUSED_FUNCTION = YES;
				GCC_WARN_UNUSED_VARIABLE = YES;
				INFOPLIST_KEY_CFBundleDisplayName = Pustakm;
				IPHONEOS_DEPLOYMENT_TARGET = 18.0;
				MTL_ENABLE_DEBUG_INFO = NO;
				MTL_FAST_MATH = YES;
				OTHER_LDFLAGS = "";
				SDKROOT = iphoneos;
				STRING_CATALOG_GENERATE_SYMBOLS = YES;
				SWIFT_COMPILATION_MODE = wholemodule;
				SWIFT_OPTIMIZATION_LEVEL = "-O";
				SWIFT_VERSION = 6.0;
				VALIDATE_PRODUCT = YES;
			};
			name = Release;
		};
		7555FFA6242A565B00829871 /* Debug */ = {
			isa = XCBuildConfiguration;
			buildSettings = {
				ASSETCATALOG_COMPILER_APPICON_NAME = AppIcon;
				CODE_SIGN_STYLE = Automatic;
				CURRENT_PROJECT_VERSION = 1;
				ENABLE_PREVIEWS = YES;
				FRAMEWORK_SEARCH_PATHS = (
					"$(inherited)",
					"$(SRCROOT)/../shared/build/xcode-frameworks/$(CONFIGURATION)/$(SDK_NAME)",
				);
				INFOPLIST_FILE = iosApp/Info.plist;
				INFOPLIST_KEY_CFBundleDisplayName = Pustakm;
				INFOPLIST_KEY_LSApplicationCategoryType = "public.app-category.entertainment";
				IPHONEOS_DEPLOYMENT_TARGET = 18.0;
				"LD_CLIENT_NAME[arch=*]" = "";
				LD_RUNPATH_SEARCH_PATHS = (
					"$(inherited)",
					"@executable_path/Frameworks",
				);
				MARKETING_VERSION = 0.0.1;
				OTHER_LDFLAGS = (
					"$(inherited)",
					"-framework",
					shared,
					"-lsqlite3",
				);
				PRODUCT_BUNDLE_IDENTIFIER = com.app.pustakam.iosApp;
				PRODUCT_NAME = "$(TARGET_NAME)";
				SWIFT_VERSION = 5.0;
				TARGETED_DEVICE_FAMILY = "1,2";
			};
			name = Debug;
		};
		7555FFA7242A565B00829871 /* Release */ = {
			isa = XCBuildConfiguration;
			buildSettings = {
				ASSETCATALOG_COMPILER_APPICON_NAME = AppIcon;
				CODE_SIGN_STYLE = Automatic;
				CURRENT_PROJECT_VERSION = 1;
				ENABLE_PREVIEWS = YES;
				FRAMEWORK_SEARCH_PATHS = (
					"$(inherited)",
					"$(SRCROOT)/../shared/build/xcode-frameworks/$(CONFIGURATION)/$(SDK_NAME)",
				);
				INFOPLIST_FILE = iosApp/Info.plist;
				INFOPLIST_KEY_CFBundleDisplayName = Pustakm;
				INFOPLIST_KEY_LSApplicationCategoryType = "public.app-category.entertainment";
				IPHONEOS_DEPLOYMENT_TARGET = 18.0;
				LD_RUNPATH_SEARCH_PATHS = (
					"$(inherited)",
					"@executable_path/Frameworks",
				);
				MARKETING_VERSION = 0.0.1;
				OTHER_LDFLAGS = (
					"$(inherited)",
					"-framework",
					shared,
					"-lsqlite3",
				);
				PRODUCT_BUNDLE_IDENTIFIER = com.app.pustakam.iosApp;
				PRODUCT_NAME = "$(TARGET_NAME)";
				SWIFT_VERSION = 5.0;
				TARGETED_DEVICE_FAMILY = "1,2";
			};
			name = Release;
		};
/* End XCBuildConfiguration section */

/* Begin XCConfigurationList section */
		22A0C17C300C1834008D5904 /* Build configuration list for PBXNativeTarget "PustakamBookWidgetExtension" */ = {
			isa = XCConfigurationList;
			buildConfigurations = (
				22A0C179300C1834008D5904 /* Debug */,
				22A0C17A300C1834008D5904 /* Release */,
			);
			defaultConfigurationIsVisible = 0;
			defaultConfigurationName = Release;
		};
		7555FF76242A565900829871 /* Build configuration list for PBXProject "iosApp" */ = {
			isa = XCConfigurationList;
			buildConfigurations = (
				7555FFA3242A565B00829871 /* Debug */,
				7555FFA4242A565B00829871 /* Release */,
			);
			defaultConfigurationIsVisible = 0;
			defaultConfigurationName = Release;
		};
		7555FFA5242A565B00829871 /* Build configuration list for PBXNativeTarget "iosApp" */ = {
			isa = XCConfigurationList;
			buildConfigurations = (
				7555FFA6242A565B00829871 /* Debug */,
				7555FFA7242A565B00829871 /* Release */,
			);
			defaultConfigurationIsVisible = 0;
			defaultConfigurationName = Release;
		};
/* End XCConfigurationList section */

/* Begin XCRemoteSwiftPackageReference section */
		22BC34F530081CAF00C9057D /* XCRemoteSwiftPackageReference "firebase-ios-sdk" */ = {
			isa = XCRemoteSwiftPackageReference;
			repositoryURL = "https://github.com/firebase/firebase-ios-sdk.git";
			requirement = {
				kind = upToNextMajorVersion;
				minimumVersion = 12.16.0;
			};
		};
/* End XCRemoteSwiftPackageReference section */

/* Begin XCSwiftPackageProductDependency section */
		22BC34F730081CBA00C9057D /* FirebaseCrashlytics */ = {
			isa = XCSwiftPackageProductDependency;
			package = 22BC34F530081CAF00C9057D /* XCRemoteSwiftPackageReference "firebase-ios-sdk" */;
			productName = FirebaseCrashlytics;
		};
/* End XCSwiftPackageProductDependency section */
	};
	rootObject = 7555FF73242A565900829871 /* Project object */;
}
